PODS:
  - ActiveLabel (1.1.0)
  - Alamofire (5.4.4)
  - Carte (2.2.1)
  - KakaoSDKAuth (2.5.6):
    - KakaoSDKCommon (= 2.5.6)
  - KakaoSDKCommon (2.5.6):
    - KakaoSDKCommon/Common (= 2.5.6)
    - KakaoSDKCommon/Network (= 2.5.6)
  - KakaoSDKCommon/Common (2.5.6)
  - KakaoSDKCommon/Network (2.5.6):
    - Alamofire (~> 5.1)
    - KakaoSDKCommon/Common (= 2.5.6)
  - KakaoSDKUser (2.5.6):
    - KakaoSDKAuth (= 2.5.6)
  - Kingfisher (6.3.1)
  - lottie-ios (3.3.0)
  - Moya (14.0.0):
    - Moya/Core (= 14.0.0)
  - Moya/Core (14.0.0):
    - Alamofire (~> 5.0)
  - RxCocoa (6.2.0):
    - RxRelay (= 6.2.0)
    - RxSwift (= 6.2.0)
  - RxRelay (6.2.0):
    - RxSwift (= 6.2.0)
  - RxSwift (6.2.0)
  - SnapKit (5.0.1)
  - Then (2.7.0)

DEPENDENCIES:
  - ActiveLabel
  - Alamofire (~> 5.4.3)
  - Carte
  - KakaoSDKUser (~> 2.5.4)
  - Kingfisher (~> 6.0)
  - lottie-ios
  - Moya (~> 14.0)
  - RxCocoa (~> 6.2.0)
  - RxSwift (~> 6.2.0)
  - SnapKit (~> 5.0.0)
  - Then

SPEC REPOS:
  https://github.com/CocoaPods/Specs.git:
    - ActiveLabel
    - Alamofire
    - Carte
    - KakaoSDKAuth
    - KakaoSDKCommon
    - KakaoSDKUser
    - Kingfisher
    - lottie-ios
    - Moya
    - RxCocoa
    - RxRelay
    - RxSwift
    - SnapKit
    - Then

SPEC CHECKSUMS:
  ActiveLabel: 5e3f4de79a1952d4604b845a0610d4776e4b82b3
  Alamofire: f3b09a368f1582ab751b3fff5460276e0d2cf5c9
  Carte: 6bcff4eaa894ff5b979d646de833fec96e04a38c
  KakaoSDKAuth: 1e1fa737e78eed3f301ab5c164526781a37a42f9
  KakaoSDKCommon: cdf340a8f671eef75f4ca012003cb350af3c4b6d
  KakaoSDKUser: f488aa4699b3fd3a836ab5c7e25e2cb4cea190c1
  Kingfisher: 016c8b653a35add51dd34a3aba36b580041acc74
  lottie-ios: 6ac74dcc09904798f59b18cb3075c089d76be9ae
  Moya: 5b45dacb75adb009f97fde91c204c1e565d31916
  RxCocoa: 4baf94bb35f2c0ab31bc0cb9f1900155f646ba42
  RxRelay: e72dbfd157807478401ef1982e1c61c945c94b2f
  RxSwift: d356ab7bee873611322f134c5f9ef379fa183d8f
  SnapKit: 97b92857e3df3a0c71833cce143274bf6ef8e5eb
  Then: acfe0be7e98221c6204e12f8161459606d5d822d

PODFILE CHECKSUM: 6a6777041643befe25f902839e50fa8a66ee89bf

COCOAPODS: 1.11.2
