// !$*UTF8*$!
{
	archiveVersion = 1;
	classes = {
	};
	objectVersion = 51;
	objects = {

/* Begin PBXBuildFile section */
		09FB29CCCA608B96AC2D180C /* Pods_ONETHING_iOS_ONETHING_iOSTests.framework in Frameworks */ = {isa = PBXBuildFile; fileRef = E3490651A4E340DFAFE4F108 /* Pods_ONETHING_iOS_ONETHING_iOSTests.framework */; };
		A541C4FB403FFE79172B7C74 /* Pods_ONETHING_iOS_ONETHING_Beta.framework in Frameworks */ = {isa = PBXBuildFile; fileRef = 61B8669F4FAAFF0F591B05CF /* Pods_ONETHING_iOS_ONETHING_Beta.framework */; };
		AC870E7473BFB045129C51FB /* Pods_ONETHING_iOS_ONETHING.framework in Frameworks */ = {isa = PBXBuildFile; fileRef = 8C0C6A2FFB89BA4ACC17B862 /* Pods_ONETHING_iOS_ONETHING.framework */; };
		BE56ED01A7A4A0400026D2BD /* Pods_ONETHING_iOS_ONETHING_Ent.framework in Frameworks */ = {isa = PBXBuildFile; fileRef = 307643AC78278B000A58E03D /* Pods_ONETHING_iOS_ONETHING_Ent.framework */; };
		CE00AA482699FF4C002C674B /* LoginViewController.swift in Sources */ = {isa = PBXBuildFile; fileRef = CE00AA472699FF4C002C674B /* LoginViewController.swift */; };
		CE00AA4A2699FF5F002C674B /* LoginViewModel.swift in Sources */ = {isa = PBXBuildFile; fileRef = CE00AA492699FF5F002C674B /* LoginViewModel.swift */; };
		CE00AA4F269A02C4002C674B /* LoginViewController.swift in Sources */ = {isa = PBXBuildFile; fileRef = CE00AA472699FF4C002C674B /* LoginViewController.swift */; };
		CE00AA50269A02C4002C674B /* LoginViewController.swift in Sources */ = {isa = PBXBuildFile; fileRef = CE00AA472699FF4C002C674B /* LoginViewController.swift */; };
		CE00AA51269A02CB002C674B /* LoginViewModel.swift in Sources */ = {isa = PBXBuildFile; fileRef = CE00AA492699FF5F002C674B /* LoginViewModel.swift */; };
		CE00AA52269A02CC002C674B /* LoginViewModel.swift in Sources */ = {isa = PBXBuildFile; fileRef = CE00AA492699FF5F002C674B /* LoginViewModel.swift */; };
		CE72475726998F2D00BB2C19 /* AppDelegate.swift in Sources */ = {isa = PBXBuildFile; fileRef = CE72475626998F2D00BB2C19 /* AppDelegate.swift */; };
		CE72475926998F2D00BB2C19 /* SceneDelegate.swift in Sources */ = {isa = PBXBuildFile; fileRef = CE72475826998F2D00BB2C19 /* SceneDelegate.swift */; };
		CE72476026998F3000BB2C19 /* Assets.xcassets in Resources */ = {isa = PBXBuildFile; fileRef = CE72475F26998F3000BB2C19 /* Assets.xcassets */; };
		CE72476326998F3000BB2C19 /* LaunchScreen.storyboard in Resources */ = {isa = PBXBuildFile; fileRef = CE72476126998F3000BB2C19 /* LaunchScreen.storyboard */; };
		CE72476E26998F3000BB2C19 /* ONETHING_iOSTests.swift in Sources */ = {isa = PBXBuildFile; fileRef = CE72476D26998F3000BB2C19 /* ONETHING_iOSTests.swift */; };
		CE72477926998F3000BB2C19 /* ONETHING_iOSUITests.swift in Sources */ = {isa = PBXBuildFile; fileRef = CE72477826998F3000BB2C19 /* ONETHING_iOSUITests.swift */; };
		CE724789269992C700BB2C19 /* AppDelegate.swift in Sources */ = {isa = PBXBuildFile; fileRef = CE72475626998F2D00BB2C19 /* AppDelegate.swift */; };
		CE72478A269992C700BB2C19 /* SceneDelegate.swift in Sources */ = {isa = PBXBuildFile; fileRef = CE72475826998F2D00BB2C19 /* SceneDelegate.swift */; };
		CE72478D269992C700BB2C19 /* LaunchScreen.storyboard in Resources */ = {isa = PBXBuildFile; fileRef = CE72476126998F3000BB2C19 /* LaunchScreen.storyboard */; };
		CE72478E269992C700BB2C19 /* Assets.xcassets in Resources */ = {isa = PBXBuildFile; fileRef = CE72475F26998F3000BB2C19 /* Assets.xcassets */; };
		CE724797269992CC00BB2C19 /* AppDelegate.swift in Sources */ = {isa = PBXBuildFile; fileRef = CE72475626998F2D00BB2C19 /* AppDelegate.swift */; };
		CE724798269992CC00BB2C19 /* SceneDelegate.swift in Sources */ = {isa = PBXBuildFile; fileRef = CE72475826998F2D00BB2C19 /* SceneDelegate.swift */; };
		CE72479B269992CC00BB2C19 /* LaunchScreen.storyboard in Resources */ = {isa = PBXBuildFile; fileRef = CE72476126998F3000BB2C19 /* LaunchScreen.storyboard */; };
		CE72479C269992CC00BB2C19 /* Assets.xcassets in Resources */ = {isa = PBXBuildFile; fileRef = CE72475F26998F3000BB2C19 /* Assets.xcassets */; };
		CE7247AF269994F700BB2C19 /* Network.swift in Sources */ = {isa = PBXBuildFile; fileRef = CE7247AE269994F700BB2C19 /* Network.swift */; };
		CE7247B0269994F700BB2C19 /* Network.swift in Sources */ = {isa = PBXBuildFile; fileRef = CE7247AE269994F700BB2C19 /* Network.swift */; };
		CE7247B1269994F700BB2C19 /* Network.swift in Sources */ = {isa = PBXBuildFile; fileRef = CE7247AE269994F700BB2C19 /* Network.swift */; };
		CE7247B6269995C200BB2C19 /* TestView.swift in Sources */ = {isa = PBXBuildFile; fileRef = CE7247B5269995C200BB2C19 /* TestView.swift */; };
		CE7247B7269995C200BB2C19 /* TestView.swift in Sources */ = {isa = PBXBuildFile; fileRef = CE7247B5269995C200BB2C19 /* TestView.swift */; };
		CE7247B8269995C200BB2C19 /* TestView.swift in Sources */ = {isa = PBXBuildFile; fileRef = CE7247B5269995C200BB2C19 /* TestView.swift */; };
		CE7247BA269995C900BB2C19 /* TestModel.swift in Sources */ = {isa = PBXBuildFile; fileRef = CE7247B9269995C900BB2C19 /* TestModel.swift */; };
		CE7247BB269995C900BB2C19 /* TestModel.swift in Sources */ = {isa = PBXBuildFile; fileRef = CE7247B9269995C900BB2C19 /* TestModel.swift */; };
		CE7247BC269995C900BB2C19 /* TestModel.swift in Sources */ = {isa = PBXBuildFile; fileRef = CE7247B9269995C900BB2C19 /* TestModel.swift */; };
		CE7247BF2699BF0D00BB2C19 /* UIViewController+.swift in Sources */ = {isa = PBXBuildFile; fileRef = CE7247BE2699BF0D00BB2C19 /* UIViewController+.swift */; };
		CE7247C12699BFE300BB2C19 /* UIColor+.swift in Sources */ = {isa = PBXBuildFile; fileRef = CE7247C02699BFE300BB2C19 /* UIColor+.swift */; };
		CE7247C32699C14800BB2C19 /* UIView+.swift in Sources */ = {isa = PBXBuildFile; fileRef = CE7247C22699C14800BB2C19 /* UIView+.swift */; };
		CE7247C52699C3FF00BB2C19 /* UITableView+.swift in Sources */ = {isa = PBXBuildFile; fileRef = CE7247C42699C3FF00BB2C19 /* UITableView+.swift */; };
		CE7247C72699C5F900BB2C19 /* UICollectionView+.swift in Sources */ = {isa = PBXBuildFile; fileRef = CE7247C62699C5F900BB2C19 /* UICollectionView+.swift */; };
		CE7247DE2699D7C800BB2C19 /* BaseViewController.swift in Sources */ = {isa = PBXBuildFile; fileRef = CE7247DD2699D7C800BB2C19 /* BaseViewController.swift */; };
		CE7247DF2699D7DF00BB2C19 /* BaseViewController.swift in Sources */ = {isa = PBXBuildFile; fileRef = CE7247DD2699D7C800BB2C19 /* BaseViewController.swift */; };
		CE7247E02699D7DF00BB2C19 /* BaseViewController.swift in Sources */ = {isa = PBXBuildFile; fileRef = CE7247DD2699D7C800BB2C19 /* BaseViewController.swift */; };
		CE7247E32699D82300BB2C19 /* SocialManager.swift in Sources */ = {isa = PBXBuildFile; fileRef = CE7247E22699D82300BB2C19 /* SocialManager.swift */; };
		CE7247EA2699DE6D00BB2C19 /* SocialAccessType.swift in Sources */ = {isa = PBXBuildFile; fileRef = CE7247E92699DE6D00BB2C19 /* SocialAccessType.swift */; };
		CE7247EB2699DE8D00BB2C19 /* SocialManager.swift in Sources */ = {isa = PBXBuildFile; fileRef = CE7247E22699D82300BB2C19 /* SocialManager.swift */; };
		CE7247EC2699DE8D00BB2C19 /* SocialManager.swift in Sources */ = {isa = PBXBuildFile; fileRef = CE7247E22699D82300BB2C19 /* SocialManager.swift */; };
		CE7247ED2699DE9100BB2C19 /* SocialAccessType.swift in Sources */ = {isa = PBXBuildFile; fileRef = CE7247E92699DE6D00BB2C19 /* SocialAccessType.swift */; };
		CE7247EE2699DE9100BB2C19 /* SocialAccessType.swift in Sources */ = {isa = PBXBuildFile; fileRef = CE7247E92699DE6D00BB2C19 /* SocialAccessType.swift */; };
		CEFC3A15269C8F800007AFF2 /* GoalSettingFirstViewModel.swift in Sources */ = {isa = PBXBuildFile; fileRef = CEFC3A14269C8F800007AFF2 /* GoalSettingFirstViewModel.swift */; };
		CEFC3A16269C8F800007AFF2 /* GoalSettingFirstViewModel.swift in Sources */ = {isa = PBXBuildFile; fileRef = CEFC3A14269C8F800007AFF2 /* GoalSettingFirstViewModel.swift */; };
		CEFC3A17269C8F800007AFF2 /* GoalSettingFirstViewModel.swift in Sources */ = {isa = PBXBuildFile; fileRef = CEFC3A14269C8F800007AFF2 /* GoalSettingFirstViewModel.swift */; };
		CEFC3A1A269C91AE0007AFF2 /* GoalSettingCollectionViewCell.swift in Sources */ = {isa = PBXBuildFile; fileRef = CEFC3A18269C91AE0007AFF2 /* GoalSettingCollectionViewCell.swift */; };
		CEFC3A1B269C91AE0007AFF2 /* GoalSettingCollectionViewCell.swift in Sources */ = {isa = PBXBuildFile; fileRef = CEFC3A18269C91AE0007AFF2 /* GoalSettingCollectionViewCell.swift */; };
		CEFC3A1C269C91AE0007AFF2 /* GoalSettingCollectionViewCell.swift in Sources */ = {isa = PBXBuildFile; fileRef = CEFC3A18269C91AE0007AFF2 /* GoalSettingCollectionViewCell.swift */; };
		CEFC3A1D269C91AE0007AFF2 /* GoalSettingCollectionViewCell.xib in Resources */ = {isa = PBXBuildFile; fileRef = CEFC3A19269C91AE0007AFF2 /* GoalSettingCollectionViewCell.xib */; };
		CEFC3A1E269C91AE0007AFF2 /* GoalSettingCollectionViewCell.xib in Resources */ = {isa = PBXBuildFile; fileRef = CEFC3A19269C91AE0007AFF2 /* GoalSettingCollectionViewCell.xib */; };
		CEFC3A1F269C91AE0007AFF2 /* GoalSettingCollectionViewCell.xib in Resources */ = {isa = PBXBuildFile; fileRef = CEFC3A19269C91AE0007AFF2 /* GoalSettingCollectionViewCell.xib */; };
		CEFC3A20269C92E00007AFF2 /* UITableView+.swift in Sources */ = {isa = PBXBuildFile; fileRef = CE7247C42699C3FF00BB2C19 /* UITableView+.swift */; };
		CEFC3A21269C92E00007AFF2 /* UITableView+.swift in Sources */ = {isa = PBXBuildFile; fileRef = CE7247C42699C3FF00BB2C19 /* UITableView+.swift */; };
		CEFC3A22269C92E40007AFF2 /* UICollectionView+.swift in Sources */ = {isa = PBXBuildFile; fileRef = CE7247C62699C5F900BB2C19 /* UICollectionView+.swift */; };
		CEFC3A23269C92E40007AFF2 /* UICollectionView+.swift in Sources */ = {isa = PBXBuildFile; fileRef = CE7247C62699C5F900BB2C19 /* UICollectionView+.swift */; };
		CEFC3A25269CA2E20007AFF2 /* Array+.swift in Sources */ = {isa = PBXBuildFile; fileRef = CEFC3A24269CA2E20007AFF2 /* Array+.swift */; };
		CEFC3A26269CA2E20007AFF2 /* Array+.swift in Sources */ = {isa = PBXBuildFile; fileRef = CEFC3A24269CA2E20007AFF2 /* Array+.swift */; };
		CEFC3A27269CA2E20007AFF2 /* Array+.swift in Sources */ = {isa = PBXBuildFile; fileRef = CEFC3A24269CA2E20007AFF2 /* Array+.swift */; };
		CEFC3A29269CA4620007AFF2 /* ObservableType+.swift in Sources */ = {isa = PBXBuildFile; fileRef = CEFC3A28269CA4620007AFF2 /* ObservableType+.swift */; };
		CEFC3A2A269CA4620007AFF2 /* ObservableType+.swift in Sources */ = {isa = PBXBuildFile; fileRef = CEFC3A28269CA4620007AFF2 /* ObservableType+.swift */; };
		CEFC3A2B269CA4620007AFF2 /* ObservableType+.swift in Sources */ = {isa = PBXBuildFile; fileRef = CEFC3A28269CA4620007AFF2 /* ObservableType+.swift */; };
		CEFC3A2C269CA67E0007AFF2 /* UIView+.swift in Sources */ = {isa = PBXBuildFile; fileRef = CE7247C22699C14800BB2C19 /* UIView+.swift */; };
		CEFC3A2D269CA67E0007AFF2 /* UIView+.swift in Sources */ = {isa = PBXBuildFile; fileRef = CE7247C22699C14800BB2C19 /* UIView+.swift */; };
		CEFC3A2E269CA74A0007AFF2 /* UIColor+.swift in Sources */ = {isa = PBXBuildFile; fileRef = CE7247C02699BFE300BB2C19 /* UIColor+.swift */; };
		CEFC3A2F269CA74A0007AFF2 /* UIColor+.swift in Sources */ = {isa = PBXBuildFile; fileRef = CE7247C02699BFE300BB2C19 /* UIColor+.swift */; };
		CEFC3A39269CC1180007AFF2 /* UILabel+.swift in Sources */ = {isa = PBXBuildFile; fileRef = CEFC3A38269CC1180007AFF2 /* UILabel+.swift */; };
		CEFC3A3A269CC1180007AFF2 /* UILabel+.swift in Sources */ = {isa = PBXBuildFile; fileRef = CEFC3A38269CC1180007AFF2 /* UILabel+.swift */; };
		CEFC3A3B269CC1180007AFF2 /* UILabel+.swift in Sources */ = {isa = PBXBuildFile; fileRef = CEFC3A38269CC1180007AFF2 /* UILabel+.swift */; };
		CEFF0A3F269C87C900DB8D2D /* GoalSetting.storyboard in Resources */ = {isa = PBXBuildFile; fileRef = CEFF0A3E269C87C900DB8D2D /* GoalSetting.storyboard */; };
		CEFF0A40269C87C900DB8D2D /* GoalSetting.storyboard in Resources */ = {isa = PBXBuildFile; fileRef = CEFF0A3E269C87C900DB8D2D /* GoalSetting.storyboard */; };
		CEFF0A41269C87C900DB8D2D /* GoalSetting.storyboard in Resources */ = {isa = PBXBuildFile; fileRef = CEFF0A3E269C87C900DB8D2D /* GoalSetting.storyboard */; };
		CEFF0A43269C881000DB8D2D /* GoalSettingFirstViewController.swift in Sources */ = {isa = PBXBuildFile; fileRef = CEFF0A42269C881000DB8D2D /* GoalSettingFirstViewController.swift */; };
		CEFF0A44269C881000DB8D2D /* GoalSettingFirstViewController.swift in Sources */ = {isa = PBXBuildFile; fileRef = CEFF0A42269C881000DB8D2D /* GoalSettingFirstViewController.swift */; };
		CEFF0A45269C881000DB8D2D /* GoalSettingFirstViewController.swift in Sources */ = {isa = PBXBuildFile; fileRef = CEFF0A42269C881000DB8D2D /* GoalSettingFirstViewController.swift */; };
		CEFF0A48269C8E8A00DB8D2D /* StoryboardName.swift in Sources */ = {isa = PBXBuildFile; fileRef = CEFF0A47269C8E8A00DB8D2D /* StoryboardName.swift */; };
		CEFF0A49269C8E8A00DB8D2D /* StoryboardName.swift in Sources */ = {isa = PBXBuildFile; fileRef = CEFF0A47269C8E8A00DB8D2D /* StoryboardName.swift */; };
		CEFF0A4A269C8E8A00DB8D2D /* StoryboardName.swift in Sources */ = {isa = PBXBuildFile; fileRef = CEFF0A47269C8E8A00DB8D2D /* StoryboardName.swift */; };
		CEFF0A4B269C8EE200DB8D2D /* UIViewController+.swift in Sources */ = {isa = PBXBuildFile; fileRef = CE7247BE2699BF0D00BB2C19 /* UIViewController+.swift */; };
		CEFF0A4C269C8EE200DB8D2D /* UIViewController+.swift in Sources */ = {isa = PBXBuildFile; fileRef = CE7247BE2699BF0D00BB2C19 /* UIViewController+.swift */; };
		DA2304DCAF15FC48B1D2C19B /* Pods_ONETHING_iOS_ONETHING_iOSUITests.framework in Frameworks */ = {isa = PBXBuildFile; fileRef = 7508DEE1AF419F402BBE38AB /* Pods_ONETHING_iOS_ONETHING_iOSUITests.framework */; };
/* End PBXBuildFile section */

/* Begin PBXContainerItemProxy section */
		CE72476A26998F3000BB2C19 /* PBXContainerItemProxy */ = {
			isa = PBXContainerItemProxy;
			containerPortal = CE72474B26998F2D00BB2C19 /* Project object */;
			proxyType = 1;
			remoteGlobalIDString = CE72475226998F2D00BB2C19;
			remoteInfo = ONETHING_iOS;
		};
		CE72477526998F3000BB2C19 /* PBXContainerItemProxy */ = {
			isa = PBXContainerItemProxy;
			containerPortal = CE72474B26998F2D00BB2C19 /* Project object */;
			proxyType = 1;
			remoteGlobalIDString = CE72475226998F2D00BB2C19;
			remoteInfo = ONETHING_iOS;
		};
/* End PBXContainerItemProxy section */

/* Begin PBXFileReference section */
		0E9A753FE7F7FA536497D55F /* Pods-ONETHING_iOS-ONETHING Beta.release.xcconfig */ = {isa = PBXFileReference; includeInIndex = 1; lastKnownFileType = text.xcconfig; name = "Pods-ONETHING_iOS-ONETHING Beta.release.xcconfig"; path = "Target Support Files/Pods-ONETHING_iOS-ONETHING Beta/Pods-ONETHING_iOS-ONETHING Beta.release.xcconfig"; sourceTree = "<group>"; };
		123E3AD140989968399A8265 /* Pods-ONETHING_iOS-ONETHING Ent.release.xcconfig */ = {isa = PBXFileReference; includeInIndex = 1; lastKnownFileType = text.xcconfig; name = "Pods-ONETHING_iOS-ONETHING Ent.release.xcconfig"; path = "Target Support Files/Pods-ONETHING_iOS-ONETHING Ent/Pods-ONETHING_iOS-ONETHING Ent.release.xcconfig"; sourceTree = "<group>"; };
		19924C59B6E101C4F369A62A /* Pods-ONETHING_iOS-ONETHING.release.xcconfig */ = {isa = PBXFileReference; includeInIndex = 1; lastKnownFileType = text.xcconfig; name = "Pods-ONETHING_iOS-ONETHING.release.xcconfig"; path = "Target Support Files/Pods-ONETHING_iOS-ONETHING/Pods-ONETHING_iOS-ONETHING.release.xcconfig"; sourceTree = "<group>"; };
		24BAD810593D774A2EC9B51D /* Pods-ONETHING_iOS-ONETHING_iOS Ent.release.xcconfig */ = {isa = PBXFileReference; includeInIndex = 1; lastKnownFileType = text.xcconfig; name = "Pods-ONETHING_iOS-ONETHING_iOS Ent.release.xcconfig"; path = "Target Support Files/Pods-ONETHING_iOS-ONETHING_iOS Ent/Pods-ONETHING_iOS-ONETHING_iOS Ent.release.xcconfig"; sourceTree = "<group>"; };
		307643AC78278B000A58E03D /* Pods_ONETHING_iOS_ONETHING_Ent.framework */ = {isa = PBXFileReference; explicitFileType = wrapper.framework; includeInIndex = 0; path = Pods_ONETHING_iOS_ONETHING_Ent.framework; sourceTree = BUILT_PRODUCTS_DIR; };
		4C234A3CB913A9937D737993 /* Pods-ONETHING_iOSTests.release.xcconfig */ = {isa = PBXFileReference; includeInIndex = 1; lastKnownFileType = text.xcconfig; name = "Pods-ONETHING_iOSTests.release.xcconfig"; path = "Target Support Files/Pods-ONETHING_iOSTests/Pods-ONETHING_iOSTests.release.xcconfig"; sourceTree = "<group>"; };
		52E4C7EAD6A387A33B5A85E5 /* Pods-ONETHING_iOS-ONETHING_iOSUITests.debug.xcconfig */ = {isa = PBXFileReference; includeInIndex = 1; lastKnownFileType = text.xcconfig; name = "Pods-ONETHING_iOS-ONETHING_iOSUITests.debug.xcconfig"; path = "Target Support Files/Pods-ONETHING_iOS-ONETHING_iOSUITests/Pods-ONETHING_iOS-ONETHING_iOSUITests.debug.xcconfig"; sourceTree = "<group>"; };
		5FEA331C4947A5864B7FF8BA /* Pods-ONETHING_iOS-ONETHING.debug.xcconfig */ = {isa = PBXFileReference; includeInIndex = 1; lastKnownFileType = text.xcconfig; name = "Pods-ONETHING_iOS-ONETHING.debug.xcconfig"; path = "Target Support Files/Pods-ONETHING_iOS-ONETHING/Pods-ONETHING_iOS-ONETHING.debug.xcconfig"; sourceTree = "<group>"; };
		61B8669F4FAAFF0F591B05CF /* Pods_ONETHING_iOS_ONETHING_Beta.framework */ = {isa = PBXFileReference; explicitFileType = wrapper.framework; includeInIndex = 0; path = Pods_ONETHING_iOS_ONETHING_Beta.framework; sourceTree = BUILT_PRODUCTS_DIR; };
		65AADB33EE0B42B5E5DFDCA1 /* Pods-ONETHING_iOS-ONETHING Ent.debug.xcconfig */ = {isa = PBXFileReference; includeInIndex = 1; lastKnownFileType = text.xcconfig; name = "Pods-ONETHING_iOS-ONETHING Ent.debug.xcconfig"; path = "Target Support Files/Pods-ONETHING_iOS-ONETHING Ent/Pods-ONETHING_iOS-ONETHING Ent.debug.xcconfig"; sourceTree = "<group>"; };
		675D960521D064907C4BA041 /* Pods-ONETHING_iOS-ONETHING_iOS Beta.release.xcconfig */ = {isa = PBXFileReference; includeInIndex = 1; lastKnownFileType = text.xcconfig; name = "Pods-ONETHING_iOS-ONETHING_iOS Beta.release.xcconfig"; path = "Target Support Files/Pods-ONETHING_iOS-ONETHING_iOS Beta/Pods-ONETHING_iOS-ONETHING_iOS Beta.release.xcconfig"; sourceTree = "<group>"; };
		678D446F663444FA618CD19E /* Pods-ONETHING_iOS-ONETHING_iOSUITests.release.xcconfig */ = {isa = PBXFileReference; includeInIndex = 1; lastKnownFileType = text.xcconfig; name = "Pods-ONETHING_iOS-ONETHING_iOSUITests.release.xcconfig"; path = "Target Support Files/Pods-ONETHING_iOS-ONETHING_iOSUITests/Pods-ONETHING_iOS-ONETHING_iOSUITests.release.xcconfig"; sourceTree = "<group>"; };
		7508DEE1AF419F402BBE38AB /* Pods_ONETHING_iOS_ONETHING_iOSUITests.framework */ = {isa = PBXFileReference; explicitFileType = wrapper.framework; includeInIndex = 0; path = Pods_ONETHING_iOS_ONETHING_iOSUITests.framework; sourceTree = BUILT_PRODUCTS_DIR; };
		7B1F98BEF037142C5CE00504 /* Pods-ONETHING_iOS-ONETHING Beta.debug.xcconfig */ = {isa = PBXFileReference; includeInIndex = 1; lastKnownFileType = text.xcconfig; name = "Pods-ONETHING_iOS-ONETHING Beta.debug.xcconfig"; path = "Target Support Files/Pods-ONETHING_iOS-ONETHING Beta/Pods-ONETHING_iOS-ONETHING Beta.debug.xcconfig"; sourceTree = "<group>"; };
		8C0C6A2FFB89BA4ACC17B862 /* Pods_ONETHING_iOS_ONETHING.framework */ = {isa = PBXFileReference; explicitFileType = wrapper.framework; includeInIndex = 0; path = Pods_ONETHING_iOS_ONETHING.framework; sourceTree = BUILT_PRODUCTS_DIR; };
		95B3B40265F08052B9242782 /* Pods-ONETHING_iOS-ONETHING_iOS Beta.debug.xcconfig */ = {isa = PBXFileReference; includeInIndex = 1; lastKnownFileType = text.xcconfig; name = "Pods-ONETHING_iOS-ONETHING_iOS Beta.debug.xcconfig"; path = "Target Support Files/Pods-ONETHING_iOS-ONETHING_iOS Beta/Pods-ONETHING_iOS-ONETHING_iOS Beta.debug.xcconfig"; sourceTree = "<group>"; };
		AC1D998A5A571190CD6E8A46 /* Pods-ONETHING_iOS-ONETHING_iOSTests.release.xcconfig */ = {isa = PBXFileReference; includeInIndex = 1; lastKnownFileType = text.xcconfig; name = "Pods-ONETHING_iOS-ONETHING_iOSTests.release.xcconfig"; path = "Target Support Files/Pods-ONETHING_iOS-ONETHING_iOSTests/Pods-ONETHING_iOS-ONETHING_iOSTests.release.xcconfig"; sourceTree = "<group>"; };
		B68BFC8404167EF1EB6B54B8 /* Pods-ONETHING_iOSTests.debug.xcconfig */ = {isa = PBXFileReference; includeInIndex = 1; lastKnownFileType = text.xcconfig; name = "Pods-ONETHING_iOSTests.debug.xcconfig"; path = "Target Support Files/Pods-ONETHING_iOSTests/Pods-ONETHING_iOSTests.debug.xcconfig"; sourceTree = "<group>"; };
		CD411B6E901816A3A185AB96 /* Pods-ONETHING_iOS-ONETHING_iOSTests.debug.xcconfig */ = {isa = PBXFileReference; includeInIndex = 1; lastKnownFileType = text.xcconfig; name = "Pods-ONETHING_iOS-ONETHING_iOSTests.debug.xcconfig"; path = "Target Support Files/Pods-ONETHING_iOS-ONETHING_iOSTests/Pods-ONETHING_iOS-ONETHING_iOSTests.debug.xcconfig"; sourceTree = "<group>"; };
		CE00AA442699F3AA002C674B /* ONETHING_iOS.entitlements */ = {isa = PBXFileReference; lastKnownFileType = text.plist.entitlements; path = ONETHING_iOS.entitlements; sourceTree = "<group>"; };
		CE00AA472699FF4C002C674B /* LoginViewController.swift */ = {isa = PBXFileReference; lastKnownFileType = sourcecode.swift; path = LoginViewController.swift; sourceTree = "<group>"; };
		CE00AA492699FF5F002C674B /* LoginViewModel.swift */ = {isa = PBXFileReference; lastKnownFileType = sourcecode.swift; path = LoginViewModel.swift; sourceTree = "<group>"; };
		CE00AA4D269A0252002C674B /* ONETHING_iOS Beta.entitlements */ = {isa = PBXFileReference; lastKnownFileType = text.plist.entitlements; path = "ONETHING_iOS Beta.entitlements"; sourceTree = "<group>"; };
		CE00AA4E269A0252002C674B /* ONETHING_iOS Ent.entitlements */ = {isa = PBXFileReference; lastKnownFileType = text.plist.entitlements; path = "ONETHING_iOS Ent.entitlements"; sourceTree = "<group>"; };
		CE72475326998F2D00BB2C19 /* ONETHING.app */ = {isa = PBXFileReference; explicitFileType = wrapper.application; includeInIndex = 0; path = ONETHING.app; sourceTree = BUILT_PRODUCTS_DIR; };
		CE72475626998F2D00BB2C19 /* AppDelegate.swift */ = {isa = PBXFileReference; lastKnownFileType = sourcecode.swift; path = AppDelegate.swift; sourceTree = "<group>"; };
		CE72475826998F2D00BB2C19 /* SceneDelegate.swift */ = {isa = PBXFileReference; lastKnownFileType = sourcecode.swift; path = SceneDelegate.swift; sourceTree = "<group>"; };
		CE72475F26998F3000BB2C19 /* Assets.xcassets */ = {isa = PBXFileReference; lastKnownFileType = folder.assetcatalog; path = Assets.xcassets; sourceTree = "<group>"; };
		CE72476226998F3000BB2C19 /* Base */ = {isa = PBXFileReference; lastKnownFileType = file.storyboard; name = Base; path = Base.lproj/LaunchScreen.storyboard; sourceTree = "<group>"; };
		CE72476426998F3000BB2C19 /* AppStore-Info.plist */ = {isa = PBXFileReference; lastKnownFileType = text.plist.xml; path = "AppStore-Info.plist"; sourceTree = "<group>"; };
		CE72476926998F3000BB2C19 /* ONETHING_iOSTests.xctest */ = {isa = PBXFileReference; explicitFileType = wrapper.cfbundle; includeInIndex = 0; path = ONETHING_iOSTests.xctest; sourceTree = BUILT_PRODUCTS_DIR; };
		CE72476D26998F3000BB2C19 /* ONETHING_iOSTests.swift */ = {isa = PBXFileReference; lastKnownFileType = sourcecode.swift; path = ONETHING_iOSTests.swift; sourceTree = "<group>"; };
		CE72476F26998F3000BB2C19 /* Info.plist */ = {isa = PBXFileReference; lastKnownFileType = text.plist.xml; path = Info.plist; sourceTree = "<group>"; };
		CE72477426998F3000BB2C19 /* ONETHING_iOSUITests.xctest */ = {isa = PBXFileReference; explicitFileType = wrapper.cfbundle; includeInIndex = 0; path = ONETHING_iOSUITests.xctest; sourceTree = BUILT_PRODUCTS_DIR; };
		CE72477826998F3000BB2C19 /* ONETHING_iOSUITests.swift */ = {isa = PBXFileReference; lastKnownFileType = sourcecode.swift; path = ONETHING_iOSUITests.swift; sourceTree = "<group>"; };
		CE72477A26998F3000BB2C19 /* Info.plist */ = {isa = PBXFileReference; lastKnownFileType = text.plist.xml; path = Info.plist; sourceTree = "<group>"; };
		CE724792269992C700BB2C19 /* ONETHING Beta.app */ = {isa = PBXFileReference; explicitFileType = wrapper.application; includeInIndex = 0; path = "ONETHING Beta.app"; sourceTree = BUILT_PRODUCTS_DIR; };
		CE7247A0269992CC00BB2C19 /* ONETHING Ent.app */ = {isa = PBXFileReference; explicitFileType = wrapper.application; includeInIndex = 0; path = "ONETHING Ent.app"; sourceTree = BUILT_PRODUCTS_DIR; };
		CE7247A22699938500BB2C19 /* Beta-Info.plist */ = {isa = PBXFileReference; fileEncoding = 4; lastKnownFileType = text.plist.xml; path = "Beta-Info.plist"; sourceTree = "<group>"; };
		CE7247A42699939100BB2C19 /* Ent-Info.plist */ = {isa = PBXFileReference; fileEncoding = 4; lastKnownFileType = text.plist.xml; path = "Ent-Info.plist"; sourceTree = "<group>"; };
		CE7247AE269994F700BB2C19 /* Network.swift */ = {isa = PBXFileReference; lastKnownFileType = sourcecode.swift; path = Network.swift; sourceTree = "<group>"; };
		CE7247B5269995C200BB2C19 /* TestView.swift */ = {isa = PBXFileReference; lastKnownFileType = sourcecode.swift; path = TestView.swift; sourceTree = "<group>"; };
		CE7247B9269995C900BB2C19 /* TestModel.swift */ = {isa = PBXFileReference; lastKnownFileType = sourcecode.swift; path = TestModel.swift; sourceTree = "<group>"; };
		CE7247BE2699BF0D00BB2C19 /* UIViewController+.swift */ = {isa = PBXFileReference; lastKnownFileType = sourcecode.swift; path = "UIViewController+.swift"; sourceTree = "<group>"; };
		CE7247C02699BFE300BB2C19 /* UIColor+.swift */ = {isa = PBXFileReference; lastKnownFileType = sourcecode.swift; path = "UIColor+.swift"; sourceTree = "<group>"; };
		CE7247C22699C14800BB2C19 /* UIView+.swift */ = {isa = PBXFileReference; lastKnownFileType = sourcecode.swift; path = "UIView+.swift"; sourceTree = "<group>"; };
		CE7247C42699C3FF00BB2C19 /* UITableView+.swift */ = {isa = PBXFileReference; lastKnownFileType = sourcecode.swift; path = "UITableView+.swift"; sourceTree = "<group>"; };
		CE7247C62699C5F900BB2C19 /* UICollectionView+.swift */ = {isa = PBXFileReference; lastKnownFileType = sourcecode.swift; path = "UICollectionView+.swift"; sourceTree = "<group>"; };
		CE7247DD2699D7C800BB2C19 /* BaseViewController.swift */ = {isa = PBXFileReference; lastKnownFileType = sourcecode.swift; path = BaseViewController.swift; sourceTree = "<group>"; };
		CE7247E22699D82300BB2C19 /* SocialManager.swift */ = {isa = PBXFileReference; lastKnownFileType = sourcecode.swift; path = SocialManager.swift; sourceTree = "<group>"; };
		CE7247E92699DE6D00BB2C19 /* SocialAccessType.swift */ = {isa = PBXFileReference; lastKnownFileType = sourcecode.swift; path = SocialAccessType.swift; sourceTree = "<group>"; };
		CEFC3A14269C8F800007AFF2 /* GoalSettingFirstViewModel.swift */ = {isa = PBXFileReference; lastKnownFileType = sourcecode.swift; path = GoalSettingFirstViewModel.swift; sourceTree = "<group>"; };
		CEFC3A18269C91AE0007AFF2 /* GoalSettingCollectionViewCell.swift */ = {isa = PBXFileReference; lastKnownFileType = sourcecode.swift; path = GoalSettingCollectionViewCell.swift; sourceTree = "<group>"; };
		CEFC3A19269C91AE0007AFF2 /* GoalSettingCollectionViewCell.xib */ = {isa = PBXFileReference; lastKnownFileType = file.xib; path = GoalSettingCollectionViewCell.xib; sourceTree = "<group>"; };
		CEFC3A24269CA2E20007AFF2 /* Array+.swift */ = {isa = PBXFileReference; lastKnownFileType = sourcecode.swift; path = "Array+.swift"; sourceTree = "<group>"; };
		CEFC3A28269CA4620007AFF2 /* ObservableType+.swift */ = {isa = PBXFileReference; lastKnownFileType = sourcecode.swift; path = "ObservableType+.swift"; sourceTree = "<group>"; };
		CEFC3A38269CC1180007AFF2 /* UILabel+.swift */ = {isa = PBXFileReference; lastKnownFileType = sourcecode.swift; path = "UILabel+.swift"; sourceTree = "<group>"; };
		CEFF0A3E269C87C900DB8D2D /* GoalSetting.storyboard */ = {isa = PBXFileReference; lastKnownFileType = file.storyboard; path = GoalSetting.storyboard; sourceTree = "<group>"; };
		CEFF0A42269C881000DB8D2D /* GoalSettingFirstViewController.swift */ = {isa = PBXFileReference; lastKnownFileType = sourcecode.swift; path = GoalSettingFirstViewController.swift; sourceTree = "<group>"; };
		CEFF0A47269C8E8A00DB8D2D /* StoryboardName.swift */ = {isa = PBXFileReference; lastKnownFileType = sourcecode.swift; path = StoryboardName.swift; sourceTree = "<group>"; };
		E3490651A4E340DFAFE4F108 /* Pods_ONETHING_iOS_ONETHING_iOSTests.framework */ = {isa = PBXFileReference; explicitFileType = wrapper.framework; includeInIndex = 0; path = Pods_ONETHING_iOS_ONETHING_iOSTests.framework; sourceTree = BUILT_PRODUCTS_DIR; };
		E89626BCD52390687378832D /* Pods-ONETHING_iOS-ONETHING_iOS Ent.debug.xcconfig */ = {isa = PBXFileReference; includeInIndex = 1; lastKnownFileType = text.xcconfig; name = "Pods-ONETHING_iOS-ONETHING_iOS Ent.debug.xcconfig"; path = "Target Support Files/Pods-ONETHING_iOS-ONETHING_iOS Ent/Pods-ONETHING_iOS-ONETHING_iOS Ent.debug.xcconfig"; sourceTree = "<group>"; };
/* End PBXFileReference section */

/* Begin PBXFrameworksBuildPhase section */
		CE72475026998F2D00BB2C19 /* Frameworks */ = {
			isa = PBXFrameworksBuildPhase;
			buildActionMask = 2147483647;
			files = (
				AC870E7473BFB045129C51FB /* Pods_ONETHING_iOS_ONETHING.framework in Frameworks */,
			);
			runOnlyForDeploymentPostprocessing = 0;
		};
		CE72476626998F3000BB2C19 /* Frameworks */ = {
			isa = PBXFrameworksBuildPhase;
			buildActionMask = 2147483647;
			files = (
				09FB29CCCA608B96AC2D180C /* Pods_ONETHING_iOS_ONETHING_iOSTests.framework in Frameworks */,
			);
			runOnlyForDeploymentPostprocessing = 0;
		};
		CE72477126998F3000BB2C19 /* Frameworks */ = {
			isa = PBXFrameworksBuildPhase;
			buildActionMask = 2147483647;
			files = (
				DA2304DCAF15FC48B1D2C19B /* Pods_ONETHING_iOS_ONETHING_iOSUITests.framework in Frameworks */,
			);
			runOnlyForDeploymentPostprocessing = 0;
		};
		CE72478B269992C700BB2C19 /* Frameworks */ = {
			isa = PBXFrameworksBuildPhase;
			buildActionMask = 2147483647;
			files = (
				A541C4FB403FFE79172B7C74 /* Pods_ONETHING_iOS_ONETHING_Beta.framework in Frameworks */,
			);
			runOnlyForDeploymentPostprocessing = 0;
		};
		CE724799269992CC00BB2C19 /* Frameworks */ = {
			isa = PBXFrameworksBuildPhase;
			buildActionMask = 2147483647;
			files = (
				BE56ED01A7A4A0400026D2BD /* Pods_ONETHING_iOS_ONETHING_Ent.framework in Frameworks */,
			);
			runOnlyForDeploymentPostprocessing = 0;
		};
/* End PBXFrameworksBuildPhase section */

/* Begin PBXGroup section */
		0A27F5315C45D138E2789546 /* Pods */ = {
			isa = PBXGroup;
			children = (
				95B3B40265F08052B9242782 /* Pods-ONETHING_iOS-ONETHING_iOS Beta.debug.xcconfig */,
				675D960521D064907C4BA041 /* Pods-ONETHING_iOS-ONETHING_iOS Beta.release.xcconfig */,
				E89626BCD52390687378832D /* Pods-ONETHING_iOS-ONETHING_iOS Ent.debug.xcconfig */,
				24BAD810593D774A2EC9B51D /* Pods-ONETHING_iOS-ONETHING_iOS Ent.release.xcconfig */,
				52E4C7EAD6A387A33B5A85E5 /* Pods-ONETHING_iOS-ONETHING_iOSUITests.debug.xcconfig */,
				678D446F663444FA618CD19E /* Pods-ONETHING_iOS-ONETHING_iOSUITests.release.xcconfig */,
				B68BFC8404167EF1EB6B54B8 /* Pods-ONETHING_iOSTests.debug.xcconfig */,
				4C234A3CB913A9937D737993 /* Pods-ONETHING_iOSTests.release.xcconfig */,
				5FEA331C4947A5864B7FF8BA /* Pods-ONETHING_iOS-ONETHING.debug.xcconfig */,
				19924C59B6E101C4F369A62A /* Pods-ONETHING_iOS-ONETHING.release.xcconfig */,
				7B1F98BEF037142C5CE00504 /* Pods-ONETHING_iOS-ONETHING Beta.debug.xcconfig */,
				0E9A753FE7F7FA536497D55F /* Pods-ONETHING_iOS-ONETHING Beta.release.xcconfig */,
				65AADB33EE0B42B5E5DFDCA1 /* Pods-ONETHING_iOS-ONETHING Ent.debug.xcconfig */,
				123E3AD140989968399A8265 /* Pods-ONETHING_iOS-ONETHING Ent.release.xcconfig */,
				CD411B6E901816A3A185AB96 /* Pods-ONETHING_iOS-ONETHING_iOSTests.debug.xcconfig */,
				AC1D998A5A571190CD6E8A46 /* Pods-ONETHING_iOS-ONETHING_iOSTests.release.xcconfig */,
			);
			path = Pods;
			sourceTree = "<group>";
		};
		A846A92C809349534BFDCA3D /* Frameworks */ = {
			isa = PBXGroup;
			children = (
				7508DEE1AF419F402BBE38AB /* Pods_ONETHING_iOS_ONETHING_iOSUITests.framework */,
				8C0C6A2FFB89BA4ACC17B862 /* Pods_ONETHING_iOS_ONETHING.framework */,
				61B8669F4FAAFF0F591B05CF /* Pods_ONETHING_iOS_ONETHING_Beta.framework */,
				307643AC78278B000A58E03D /* Pods_ONETHING_iOS_ONETHING_Ent.framework */,
				E3490651A4E340DFAFE4F108 /* Pods_ONETHING_iOS_ONETHING_iOSTests.framework */,
			);
			name = Frameworks;
			sourceTree = "<group>";
		};
		CE72474A26998F2D00BB2C19 = {
			isa = PBXGroup;
			children = (
				CE72475526998F2D00BB2C19 /* ONETHING_iOS */,
				CE72476C26998F3000BB2C19 /* ONETHING_iOSTests */,
				CE72477726998F3000BB2C19 /* ONETHING_iOSUITests */,
				CE72475426998F2D00BB2C19 /* Products */,
				0A27F5315C45D138E2789546 /* Pods */,
				A846A92C809349534BFDCA3D /* Frameworks */,
			);
			sourceTree = "<group>";
		};
		CE72475426998F2D00BB2C19 /* Products */ = {
			isa = PBXGroup;
			children = (
				CE72475326998F2D00BB2C19 /* ONETHING.app */,
				CE72476926998F3000BB2C19 /* ONETHING_iOSTests.xctest */,
				CE72477426998F3000BB2C19 /* ONETHING_iOSUITests.xctest */,
				CE724792269992C700BB2C19 /* ONETHING Beta.app */,
				CE7247A0269992CC00BB2C19 /* ONETHING Ent.app */,
			);
			name = Products;
			sourceTree = "<group>";
		};
		CE72475526998F2D00BB2C19 /* ONETHING_iOS */ = {
			isa = PBXGroup;
			children = (
				CE00AA442699F3AA002C674B /* ONETHING_iOS.entitlements */,
				CE00AA4D269A0252002C674B /* ONETHING_iOS Beta.entitlements */,
				CE00AA4E269A0252002C674B /* ONETHING_iOS Ent.entitlements */,
				CE7247A72699947A00BB2C19 /* Resource */,
				CE7247A62699947500BB2C19 /* Source */,
				CE72475626998F2D00BB2C19 /* AppDelegate.swift */,
				CE72475826998F2D00BB2C19 /* SceneDelegate.swift */,
				CE72476126998F3000BB2C19 /* LaunchScreen.storyboard */,
			);
			path = ONETHING_iOS;
			sourceTree = "<group>";
		};
		CE72476C26998F3000BB2C19 /* ONETHING_iOSTests */ = {
			isa = PBXGroup;
			children = (
				CE72476D26998F3000BB2C19 /* ONETHING_iOSTests.swift */,
				CE72476F26998F3000BB2C19 /* Info.plist */,
			);
			path = ONETHING_iOSTests;
			sourceTree = "<group>";
		};
		CE72477726998F3000BB2C19 /* ONETHING_iOSUITests */ = {
			isa = PBXGroup;
			children = (
				CE72477826998F3000BB2C19 /* ONETHING_iOSUITests.swift */,
				CE72477A26998F3000BB2C19 /* Info.plist */,
			);
			path = ONETHING_iOSUITests;
			sourceTree = "<group>";
		};
		CE7247A62699947500BB2C19 /* Source */ = {
			isa = PBXGroup;
			children = (
				CEFF0A46269C8E7E00DB8D2D /* Constants */,
				CE7247E42699DCAD00BB2C19 /* Enum */,
				CE7247E12699D81500BB2C19 /* Manager */,
				CE7247BD2699BE6500BB2C19 /* Extension */,
				CEFF0A3D269C87B200DB8D2D /* Storyboard */,
				CE7247B4269995AA00BB2C19 /* Model */,
				CE7247CE2699D65200BB2C19 /* ViewModel */,
				CE7247B32699955900BB2C19 /* ViewController */,
				CE7247B22699955600BB2C19 /* View */,
				CEB9B3A0269A312400A01590 /* CollectionViewCell */,
				CEB9B39F269A311F00A01590 /* TableViewCell */,
				CE7247AD269994E400BB2C19 /* Network */,
			);
			path = Source;
			sourceTree = "<group>";
		};
		CE7247A72699947A00BB2C19 /* Resource */ = {
			isa = PBXGroup;
			children = (
				CE72475F26998F3000BB2C19 /* Assets.xcassets */,
				CE72476426998F3000BB2C19 /* AppStore-Info.plist */,
				CE7247A22699938500BB2C19 /* Beta-Info.plist */,
				CE7247A42699939100BB2C19 /* Ent-Info.plist */,
			);
			path = Resource;
			sourceTree = "<group>";
		};
		CE7247AD269994E400BB2C19 /* Network */ = {
			isa = PBXGroup;
			children = (
				CE7247AE269994F700BB2C19 /* Network.swift */,
			);
			path = Network;
			sourceTree = "<group>";
		};
		CE7247B22699955600BB2C19 /* View */ = {
			isa = PBXGroup;
			children = (
				CE7247B5269995C200BB2C19 /* TestView.swift */,
			);
			path = View;
			sourceTree = "<group>";
		};
		CE7247B32699955900BB2C19 /* ViewController */ = {
			isa = PBXGroup;
			children = (
				CE7247DD2699D7C800BB2C19 /* BaseViewController.swift */,
				CE00AA472699FF4C002C674B /* LoginViewController.swift */,
				CEFF0A42269C881000DB8D2D /* GoalSettingFirstViewController.swift */,
			);
			path = ViewController;
			sourceTree = "<group>";
		};
		CE7247B4269995AA00BB2C19 /* Model */ = {
			isa = PBXGroup;
			children = (
				CE7247B9269995C900BB2C19 /* TestModel.swift */,
			);
			path = Model;
			sourceTree = "<group>";
		};
		CE7247BD2699BE6500BB2C19 /* Extension */ = {
			isa = PBXGroup;
			children = (
				CE7247BE2699BF0D00BB2C19 /* UIViewController+.swift */,
				CE7247C02699BFE300BB2C19 /* UIColor+.swift */,
				CE7247C22699C14800BB2C19 /* UIView+.swift */,
				CE7247C42699C3FF00BB2C19 /* UITableView+.swift */,
				CE7247C62699C5F900BB2C19 /* UICollectionView+.swift */,
				CEFC3A24269CA2E20007AFF2 /* Array+.swift */,
				CEFC3A28269CA4620007AFF2 /* ObservableType+.swift */,
				CEFC3A38269CC1180007AFF2 /* UILabel+.swift */,
			);
			path = Extension;
			sourceTree = "<group>";
		};
		CE7247CE2699D65200BB2C19 /* ViewModel */ = {
			isa = PBXGroup;
			children = (
				CE00AA492699FF5F002C674B /* LoginViewModel.swift */,
				CEFC3A14269C8F800007AFF2 /* GoalSettingFirstViewModel.swift */,
			);
			path = ViewModel;
			sourceTree = "<group>";
		};
		CE7247E12699D81500BB2C19 /* Manager */ = {
			isa = PBXGroup;
			children = (
				CE7247E22699D82300BB2C19 /* SocialManager.swift */,
			);
			path = Manager;
			sourceTree = "<group>";
		};
		CE7247E42699DCAD00BB2C19 /* Enum */ = {
			isa = PBXGroup;
			children = (
				CE7247E92699DE6D00BB2C19 /* SocialAccessType.swift */,
			);
			path = Enum;
			sourceTree = "<group>";
		};
		CEB9B39F269A311F00A01590 /* TableViewCell */ = {
			isa = PBXGroup;
			children = (
			);
			path = TableViewCell;
			sourceTree = "<group>";
		};
		CEB9B3A0269A312400A01590 /* CollectionViewCell */ = {
			isa = PBXGroup;
			children = (
				CEFC3A18269C91AE0007AFF2 /* GoalSettingCollectionViewCell.swift */,
				CEFC3A19269C91AE0007AFF2 /* GoalSettingCollectionViewCell.xib */,
			);
			path = CollectionViewCell;
			sourceTree = "<group>";
		};
		CEFF0A3D269C87B200DB8D2D /* Storyboard */ = {
			isa = PBXGroup;
			children = (
				CEFF0A3E269C87C900DB8D2D /* GoalSetting.storyboard */,
			);
			path = Storyboard;
			sourceTree = "<group>";
		};
		CEFF0A46269C8E7E00DB8D2D /* Constants */ = {
			isa = PBXGroup;
			children = (
				CEFF0A47269C8E8A00DB8D2D /* StoryboardName.swift */,
			);
			path = Constants;
			sourceTree = "<group>";
		};
/* End PBXGroup section */

/* Begin PBXNativeTarget section */
		CE72475226998F2D00BB2C19 /* ONETHING */ = {
			isa = PBXNativeTarget;
			buildConfigurationList = CE72477D26998F3000BB2C19 /* Build configuration list for PBXNativeTarget "ONETHING" */;
			buildPhases = (
				C2594D979D799DDE51183B03 /* [CP] Check Pods Manifest.lock */,
				CE72474F26998F2D00BB2C19 /* Sources */,
				CE72475026998F2D00BB2C19 /* Frameworks */,
				CE72475126998F2D00BB2C19 /* Resources */,
				EC78450A28B14C1A2CBEC1F5 /* [CP] Embed Pods Frameworks */,
			);
			buildRules = (
			);
			dependencies = (
			);
			name = ONETHING;
			productName = ONETHING_iOS;
			productReference = CE72475326998F2D00BB2C19 /* ONETHING.app */;
			productType = "com.apple.product-type.application";
		};
		CE72476826998F3000BB2C19 /* ONETHING_iOSTests */ = {
			isa = PBXNativeTarget;
			buildConfigurationList = CE72478026998F3000BB2C19 /* Build configuration list for PBXNativeTarget "ONETHING_iOSTests" */;
			buildPhases = (
				F9695125EA5328FEA57E2A29 /* [CP] Check Pods Manifest.lock */,
				CE72476526998F3000BB2C19 /* Sources */,
				CE72476626998F3000BB2C19 /* Frameworks */,
				CE72476726998F3000BB2C19 /* Resources */,
				CDCEAEC69654E4952C07DAA4 /* [CP] Embed Pods Frameworks */,
			);
			buildRules = (
			);
			dependencies = (
				CE72476B26998F3000BB2C19 /* PBXTargetDependency */,
			);
			name = ONETHING_iOSTests;
			productName = ONETHING_iOSTests;
			productReference = CE72476926998F3000BB2C19 /* ONETHING_iOSTests.xctest */;
			productType = "com.apple.product-type.bundle.unit-test";
		};
		CE72477326998F3000BB2C19 /* ONETHING_iOSUITests */ = {
			isa = PBXNativeTarget;
			buildConfigurationList = CE72478326998F3000BB2C19 /* Build configuration list for PBXNativeTarget "ONETHING_iOSUITests" */;
			buildPhases = (
				C6F962583928308CACCF788F /* [CP] Check Pods Manifest.lock */,
				CE72477026998F3000BB2C19 /* Sources */,
				CE72477126998F3000BB2C19 /* Frameworks */,
				CE72477226998F3000BB2C19 /* Resources */,
				9C563B8B3ABCAFA436414168 /* [CP] Embed Pods Frameworks */,
			);
			buildRules = (
			);
			dependencies = (
				CE72477626998F3000BB2C19 /* PBXTargetDependency */,
			);
			name = ONETHING_iOSUITests;
			productName = ONETHING_iOSUITests;
			productReference = CE72477426998F3000BB2C19 /* ONETHING_iOSUITests.xctest */;
			productType = "com.apple.product-type.bundle.ui-testing";
		};
		CE724786269992C700BB2C19 /* ONETHING Beta */ = {
			isa = PBXNativeTarget;
			buildConfigurationList = CE72478F269992C700BB2C19 /* Build configuration list for PBXNativeTarget "ONETHING Beta" */;
			buildPhases = (
				7044D4FEC608A1398DDA9A43 /* [CP] Check Pods Manifest.lock */,
				CE724787269992C700BB2C19 /* Sources */,
				CE72478B269992C700BB2C19 /* Frameworks */,
				CE72478C269992C700BB2C19 /* Resources */,
				C15EDEC46D826E6BA6D9AA8B /* [CP] Embed Pods Frameworks */,
			);
			buildRules = (
			);
			dependencies = (
			);
			name = "ONETHING Beta";
			productName = ONETHING_iOS;
			productReference = CE724792269992C700BB2C19 /* ONETHING Beta.app */;
			productType = "com.apple.product-type.application";
		};
		CE724794269992CC00BB2C19 /* ONETHING Ent */ = {
			isa = PBXNativeTarget;
			buildConfigurationList = CE72479D269992CC00BB2C19 /* Build configuration list for PBXNativeTarget "ONETHING Ent" */;
			buildPhases = (
				2C3E75CBE6DB733CF9FAFA8F /* [CP] Check Pods Manifest.lock */,
				CE724795269992CC00BB2C19 /* Sources */,
				CE724799269992CC00BB2C19 /* Frameworks */,
				CE72479A269992CC00BB2C19 /* Resources */,
				D61CBFCF22CF2645BEDB50C1 /* [CP] Embed Pods Frameworks */,
			);
			buildRules = (
			);
			dependencies = (
			);
			name = "ONETHING Ent";
			productName = ONETHING_iOS;
			productReference = CE7247A0269992CC00BB2C19 /* ONETHING Ent.app */;
			productType = "com.apple.product-type.application";
		};
/* End PBXNativeTarget section */

/* Begin PBXProject section */
		CE72474B26998F2D00BB2C19 /* Project object */ = {
			isa = PBXProject;
			attributes = {
				LastSwiftUpdateCheck = 1250;
				LastUpgradeCheck = 1250;
				TargetAttributes = {
					CE72475226998F2D00BB2C19 = {
						CreatedOnToolsVersion = 12.5.1;
					};
					CE72476826998F3000BB2C19 = {
						CreatedOnToolsVersion = 12.5.1;
						TestTargetID = CE72475226998F2D00BB2C19;
					};
					CE72477326998F3000BB2C19 = {
						CreatedOnToolsVersion = 12.5.1;
						TestTargetID = CE72475226998F2D00BB2C19;
					};
				};
			};
			buildConfigurationList = CE72474E26998F2D00BB2C19 /* Build configuration list for PBXProject "ONETHING_iOS" */;
			compatibilityVersion = "Xcode 9.3";
			developmentRegion = en;
			hasScannedForEncodings = 0;
			knownRegions = (
				en,
				Base,
			);
			mainGroup = CE72474A26998F2D00BB2C19;
			productRefGroup = CE72475426998F2D00BB2C19 /* Products */;
			projectDirPath = "";
			projectRoot = "";
			targets = (
				CE72475226998F2D00BB2C19 /* ONETHING */,
				CE724794269992CC00BB2C19 /* ONETHING Ent */,
				CE724786269992C700BB2C19 /* ONETHING Beta */,
				CE72476826998F3000BB2C19 /* ONETHING_iOSTests */,
				CE72477326998F3000BB2C19 /* ONETHING_iOSUITests */,
			);
		};
/* End PBXProject section */

/* Begin PBXResourcesBuildPhase section */
		CE72475126998F2D00BB2C19 /* Resources */ = {
			isa = PBXResourcesBuildPhase;
			buildActionMask = 2147483647;
			files = (
				CE72476326998F3000BB2C19 /* LaunchScreen.storyboard in Resources */,
				CEFF0A3F269C87C900DB8D2D /* GoalSetting.storyboard in Resources */,
				CEFC3A1D269C91AE0007AFF2 /* GoalSettingCollectionViewCell.xib in Resources */,
				CE72476026998F3000BB2C19 /* Assets.xcassets in Resources */,
			);
			runOnlyForDeploymentPostprocessing = 0;
		};
		CE72476726998F3000BB2C19 /* Resources */ = {
			isa = PBXResourcesBuildPhase;
			buildActionMask = 2147483647;
			files = (
			);
			runOnlyForDeploymentPostprocessing = 0;
		};
		CE72477226998F3000BB2C19 /* Resources */ = {
			isa = PBXResourcesBuildPhase;
			buildActionMask = 2147483647;
			files = (
			);
			runOnlyForDeploymentPostprocessing = 0;
		};
		CE72478C269992C700BB2C19 /* Resources */ = {
			isa = PBXResourcesBuildPhase;
			buildActionMask = 2147483647;
			files = (
				CE72478D269992C700BB2C19 /* LaunchScreen.storyboard in Resources */,
				CEFF0A41269C87C900DB8D2D /* GoalSetting.storyboard in Resources */,
				CEFC3A1F269C91AE0007AFF2 /* GoalSettingCollectionViewCell.xib in Resources */,
				CE72478E269992C700BB2C19 /* Assets.xcassets in Resources */,
			);
			runOnlyForDeploymentPostprocessing = 0;
		};
		CE72479A269992CC00BB2C19 /* Resources */ = {
			isa = PBXResourcesBuildPhase;
			buildActionMask = 2147483647;
			files = (
				CE72479B269992CC00BB2C19 /* LaunchScreen.storyboard in Resources */,
				CEFF0A40269C87C900DB8D2D /* GoalSetting.storyboard in Resources */,
				CEFC3A1E269C91AE0007AFF2 /* GoalSettingCollectionViewCell.xib in Resources */,
				CE72479C269992CC00BB2C19 /* Assets.xcassets in Resources */,
			);
			runOnlyForDeploymentPostprocessing = 0;
		};
/* End PBXResourcesBuildPhase section */

/* Begin PBXShellScriptBuildPhase section */
		2C3E75CBE6DB733CF9FAFA8F /* [CP] Check Pods Manifest.lock */ = {
			isa = PBXShellScriptBuildPhase;
			buildActionMask = 2147483647;
			files = (
			);
			inputFileListPaths = (
			);
			inputPaths = (
				"${PODS_PODFILE_DIR_PATH}/Podfile.lock",
				"${PODS_ROOT}/Manifest.lock",
			);
			name = "[CP] Check Pods Manifest.lock";
			outputFileListPaths = (
			);
			outputPaths = (
				"$(DERIVED_FILE_DIR)/Pods-ONETHING_iOS-ONETHING Ent-checkManifestLockResult.txt",
			);
			runOnlyForDeploymentPostprocessing = 0;
			shellPath = /bin/sh;
			shellScript = "diff \"${PODS_PODFILE_DIR_PATH}/Podfile.lock\" \"${PODS_ROOT}/Manifest.lock\" > /dev/null\nif [ $? != 0 ] ; then\n    # print error to STDERR\n    echo \"error: The sandbox is not in sync with the Podfile.lock. Run 'pod install' or update your CocoaPods installation.\" >&2\n    exit 1\nfi\n# This output is used by Xcode 'outputs' to avoid re-running this script phase.\necho \"SUCCESS\" > \"${SCRIPT_OUTPUT_FILE_0}\"\n";
			showEnvVarsInLog = 0;
		};
		7044D4FEC608A1398DDA9A43 /* [CP] Check Pods Manifest.lock */ = {
			isa = PBXShellScriptBuildPhase;
			buildActionMask = 2147483647;
			files = (
			);
			inputFileListPaths = (
			);
			inputPaths = (
				"${PODS_PODFILE_DIR_PATH}/Podfile.lock",
				"${PODS_ROOT}/Manifest.lock",
			);
			name = "[CP] Check Pods Manifest.lock";
			outputFileListPaths = (
			);
			outputPaths = (
				"$(DERIVED_FILE_DIR)/Pods-ONETHING_iOS-ONETHING Beta-checkManifestLockResult.txt",
			);
			runOnlyForDeploymentPostprocessing = 0;
			shellPath = /bin/sh;
			shellScript = "diff \"${PODS_PODFILE_DIR_PATH}/Podfile.lock\" \"${PODS_ROOT}/Manifest.lock\" > /dev/null\nif [ $? != 0 ] ; then\n    # print error to STDERR\n    echo \"error: The sandbox is not in sync with the Podfile.lock. Run 'pod install' or update your CocoaPods installation.\" >&2\n    exit 1\nfi\n# This output is used by Xcode 'outputs' to avoid re-running this script phase.\necho \"SUCCESS\" > \"${SCRIPT_OUTPUT_FILE_0}\"\n";
			showEnvVarsInLog = 0;
		};
		9C563B8B3ABCAFA436414168 /* [CP] Embed Pods Frameworks */ = {
			isa = PBXShellScriptBuildPhase;
			buildActionMask = 2147483647;
			files = (
			);
			inputFileListPaths = (
				"${PODS_ROOT}/Target Support Files/Pods-ONETHING_iOS-ONETHING_iOSUITests/Pods-ONETHING_iOS-ONETHING_iOSUITests-frameworks-${CONFIGURATION}-input-files.xcfilelist",
			);
			name = "[CP] Embed Pods Frameworks";
			outputFileListPaths = (
				"${PODS_ROOT}/Target Support Files/Pods-ONETHING_iOS-ONETHING_iOSUITests/Pods-ONETHING_iOS-ONETHING_iOSUITests-frameworks-${CONFIGURATION}-output-files.xcfilelist",
			);
			runOnlyForDeploymentPostprocessing = 0;
			shellPath = /bin/sh;
			shellScript = "\"${PODS_ROOT}/Target Support Files/Pods-ONETHING_iOS-ONETHING_iOSUITests/Pods-ONETHING_iOS-ONETHING_iOSUITests-frameworks.sh\"\n";
			showEnvVarsInLog = 0;
		};
		C15EDEC46D826E6BA6D9AA8B /* [CP] Embed Pods Frameworks */ = {
			isa = PBXShellScriptBuildPhase;
			buildActionMask = 2147483647;
			files = (
			);
			inputFileListPaths = (
				"${PODS_ROOT}/Target Support Files/Pods-ONETHING_iOS-ONETHING Beta/Pods-ONETHING_iOS-ONETHING Beta-frameworks-${CONFIGURATION}-input-files.xcfilelist",
			);
			name = "[CP] Embed Pods Frameworks";
			outputFileListPaths = (
				"${PODS_ROOT}/Target Support Files/Pods-ONETHING_iOS-ONETHING Beta/Pods-ONETHING_iOS-ONETHING Beta-frameworks-${CONFIGURATION}-output-files.xcfilelist",
			);
			runOnlyForDeploymentPostprocessing = 0;
			shellPath = /bin/sh;
			shellScript = "\"${PODS_ROOT}/Target Support Files/Pods-ONETHING_iOS-ONETHING Beta/Pods-ONETHING_iOS-ONETHING Beta-frameworks.sh\"\n";
			showEnvVarsInLog = 0;
		};
		C2594D979D799DDE51183B03 /* [CP] Check Pods Manifest.lock */ = {
			isa = PBXShellScriptBuildPhase;
			buildActionMask = 2147483647;
			files = (
			);
			inputFileListPaths = (
			);
			inputPaths = (
				"${PODS_PODFILE_DIR_PATH}/Podfile.lock",
				"${PODS_ROOT}/Manifest.lock",
			);
			name = "[CP] Check Pods Manifest.lock";
			outputFileListPaths = (
			);
			outputPaths = (
				"$(DERIVED_FILE_DIR)/Pods-ONETHING_iOS-ONETHING-checkManifestLockResult.txt",
			);
			runOnlyForDeploymentPostprocessing = 0;
			shellPath = /bin/sh;
			shellScript = "diff \"${PODS_PODFILE_DIR_PATH}/Podfile.lock\" \"${PODS_ROOT}/Manifest.lock\" > /dev/null\nif [ $? != 0 ] ; then\n    # print error to STDERR\n    echo \"error: The sandbox is not in sync with the Podfile.lock. Run 'pod install' or update your CocoaPods installation.\" >&2\n    exit 1\nfi\n# This output is used by Xcode 'outputs' to avoid re-running this script phase.\necho \"SUCCESS\" > \"${SCRIPT_OUTPUT_FILE_0}\"\n";
			showEnvVarsInLog = 0;
		};
		C6F962583928308CACCF788F /* [CP] Check Pods Manifest.lock */ = {
			isa = PBXShellScriptBuildPhase;
			buildActionMask = 2147483647;
			files = (
			);
			inputFileListPaths = (
			);
			inputPaths = (
				"${PODS_PODFILE_DIR_PATH}/Podfile.lock",
				"${PODS_ROOT}/Manifest.lock",
			);
			name = "[CP] Check Pods Manifest.lock";
			outputFileListPaths = (
			);
			outputPaths = (
				"$(DERIVED_FILE_DIR)/Pods-ONETHING_iOS-ONETHING_iOSUITests-checkManifestLockResult.txt",
			);
			runOnlyForDeploymentPostprocessing = 0;
			shellPath = /bin/sh;
			shellScript = "diff \"${PODS_PODFILE_DIR_PATH}/Podfile.lock\" \"${PODS_ROOT}/Manifest.lock\" > /dev/null\nif [ $? != 0 ] ; then\n    # print error to STDERR\n    echo \"error: The sandbox is not in sync with the Podfile.lock. Run 'pod install' or update your CocoaPods installation.\" >&2\n    exit 1\nfi\n# This output is used by Xcode 'outputs' to avoid re-running this script phase.\necho \"SUCCESS\" > \"${SCRIPT_OUTPUT_FILE_0}\"\n";
			showEnvVarsInLog = 0;
		};
		CDCEAEC69654E4952C07DAA4 /* [CP] Embed Pods Frameworks */ = {
			isa = PBXShellScriptBuildPhase;
			buildActionMask = 2147483647;
			files = (
			);
			inputFileListPaths = (
				"${PODS_ROOT}/Target Support Files/Pods-ONETHING_iOS-ONETHING_iOSTests/Pods-ONETHING_iOS-ONETHING_iOSTests-frameworks-${CONFIGURATION}-input-files.xcfilelist",
			);
			name = "[CP] Embed Pods Frameworks";
			outputFileListPaths = (
				"${PODS_ROOT}/Target Support Files/Pods-ONETHING_iOS-ONETHING_iOSTests/Pods-ONETHING_iOS-ONETHING_iOSTests-frameworks-${CONFIGURATION}-output-files.xcfilelist",
			);
			runOnlyForDeploymentPostprocessing = 0;
			shellPath = /bin/sh;
			shellScript = "\"${PODS_ROOT}/Target Support Files/Pods-ONETHING_iOS-ONETHING_iOSTests/Pods-ONETHING_iOS-ONETHING_iOSTests-frameworks.sh\"\n";
			showEnvVarsInLog = 0;
		};
		D61CBFCF22CF2645BEDB50C1 /* [CP] Embed Pods Frameworks */ = {
			isa = PBXShellScriptBuildPhase;
			buildActionMask = 2147483647;
			files = (
			);
			inputFileListPaths = (
				"${PODS_ROOT}/Target Support Files/Pods-ONETHING_iOS-ONETHING Ent/Pods-ONETHING_iOS-ONETHING Ent-frameworks-${CONFIGURATION}-input-files.xcfilelist",
			);
			name = "[CP] Embed Pods Frameworks";
			outputFileListPaths = (
				"${PODS_ROOT}/Target Support Files/Pods-ONETHING_iOS-ONETHING Ent/Pods-ONETHING_iOS-ONETHING Ent-frameworks-${CONFIGURATION}-output-files.xcfilelist",
			);
			runOnlyForDeploymentPostprocessing = 0;
			shellPath = /bin/sh;
			shellScript = "\"${PODS_ROOT}/Target Support Files/Pods-ONETHING_iOS-ONETHING Ent/Pods-ONETHING_iOS-ONETHING Ent-frameworks.sh\"\n";
			showEnvVarsInLog = 0;
		};
		EC78450A28B14C1A2CBEC1F5 /* [CP] Embed Pods Frameworks */ = {
			isa = PBXShellScriptBuildPhase;
			buildActionMask = 2147483647;
			files = (
			);
			inputFileListPaths = (
				"${PODS_ROOT}/Target Support Files/Pods-ONETHING_iOS-ONETHING/Pods-ONETHING_iOS-ONETHING-frameworks-${CONFIGURATION}-input-files.xcfilelist",
			);
			name = "[CP] Embed Pods Frameworks";
			outputFileListPaths = (
				"${PODS_ROOT}/Target Support Files/Pods-ONETHING_iOS-ONETHING/Pods-ONETHING_iOS-ONETHING-frameworks-${CONFIGURATION}-output-files.xcfilelist",
			);
			runOnlyForDeploymentPostprocessing = 0;
			shellPath = /bin/sh;
			shellScript = "\"${PODS_ROOT}/Target Support Files/Pods-ONETHING_iOS-ONETHING/Pods-ONETHING_iOS-ONETHING-frameworks.sh\"\n";
			showEnvVarsInLog = 0;
		};
		F9695125EA5328FEA57E2A29 /* [CP] Check Pods Manifest.lock */ = {
			isa = PBXShellScriptBuildPhase;
			buildActionMask = 2147483647;
			files = (
			);
			inputFileListPaths = (
			);
			inputPaths = (
				"${PODS_PODFILE_DIR_PATH}/Podfile.lock",
				"${PODS_ROOT}/Manifest.lock",
			);
			name = "[CP] Check Pods Manifest.lock";
			outputFileListPaths = (
			);
			outputPaths = (
				"$(DERIVED_FILE_DIR)/Pods-ONETHING_iOS-ONETHING_iOSTests-checkManifestLockResult.txt",
			);
			runOnlyForDeploymentPostprocessing = 0;
			shellPath = /bin/sh;
			shellScript = "diff \"${PODS_PODFILE_DIR_PATH}/Podfile.lock\" \"${PODS_ROOT}/Manifest.lock\" > /dev/null\nif [ $? != 0 ] ; then\n    # print error to STDERR\n    echo \"error: The sandbox is not in sync with the Podfile.lock. Run 'pod install' or update your CocoaPods installation.\" >&2\n    exit 1\nfi\n# This output is used by Xcode 'outputs' to avoid re-running this script phase.\necho \"SUCCESS\" > \"${SCRIPT_OUTPUT_FILE_0}\"\n";
			showEnvVarsInLog = 0;
		};
/* End PBXShellScriptBuildPhase section */

/* Begin PBXSourcesBuildPhase section */
		CE72474F26998F2D00BB2C19 /* Sources */ = {
			isa = PBXSourcesBuildPhase;
			buildActionMask = 2147483647;
			files = (
				CE7247DE2699D7C800BB2C19 /* BaseViewController.swift in Sources */,
				CE7247BF2699BF0D00BB2C19 /* UIViewController+.swift in Sources */,
				CEFC3A1A269C91AE0007AFF2 /* GoalSettingCollectionViewCell.swift in Sources */,
				CE7247C12699BFE300BB2C19 /* UIColor+.swift in Sources */,
				CEFC3A29269CA4620007AFF2 /* ObservableType+.swift in Sources */,
				CE7247C72699C5F900BB2C19 /* UICollectionView+.swift in Sources */,
				CEFF0A43269C881000DB8D2D /* GoalSettingFirstViewController.swift in Sources */,
				CE7247C52699C3FF00BB2C19 /* UITableView+.swift in Sources */,
				CEFC3A39269CC1180007AFF2 /* UILabel+.swift in Sources */,
				CE7247BA269995C900BB2C19 /* TestModel.swift in Sources */,
				CE7247B6269995C200BB2C19 /* TestView.swift in Sources */,
				CE72475726998F2D00BB2C19 /* AppDelegate.swift in Sources */,
				CEFC3A15269C8F800007AFF2 /* GoalSettingFirstViewModel.swift in Sources */,
				CE00AA4A2699FF5F002C674B /* LoginViewModel.swift in Sources */,
				CE7247E32699D82300BB2C19 /* SocialManager.swift in Sources */,
				CEFC3A25269CA2E20007AFF2 /* Array+.swift in Sources */,
				CE7247C32699C14800BB2C19 /* UIView+.swift in Sources */,
				CE00AA482699FF4C002C674B /* LoginViewController.swift in Sources */,
				CE7247EA2699DE6D00BB2C19 /* SocialAccessType.swift in Sources */,
				CEFF0A48269C8E8A00DB8D2D /* StoryboardName.swift in Sources */,
				CE7247AF269994F700BB2C19 /* Network.swift in Sources */,
				CE72475926998F2D00BB2C19 /* SceneDelegate.swift in Sources */,
			);
			runOnlyForDeploymentPostprocessing = 0;
		};
		CE72476526998F3000BB2C19 /* Sources */ = {
			isa = PBXSourcesBuildPhase;
			buildActionMask = 2147483647;
			files = (
				CE72476E26998F3000BB2C19 /* ONETHING_iOSTests.swift in Sources */,
			);
			runOnlyForDeploymentPostprocessing = 0;
		};
		CE72477026998F3000BB2C19 /* Sources */ = {
			isa = PBXSourcesBuildPhase;
			buildActionMask = 2147483647;
			files = (
				CE72477926998F3000BB2C19 /* ONETHING_iOSUITests.swift in Sources */,
			);
			runOnlyForDeploymentPostprocessing = 0;
		};
		CE724787269992C700BB2C19 /* Sources */ = {
			isa = PBXSourcesBuildPhase;
			buildActionMask = 2147483647;
			files = (
				CE7247BB269995C900BB2C19 /* TestModel.swift in Sources */,
				CE00AA52269A02CC002C674B /* LoginViewModel.swift in Sources */,
				CE7247ED2699DE9100BB2C19 /* SocialAccessType.swift in Sources */,
				CE7247B7269995C200BB2C19 /* TestView.swift in Sources */,
				CEFC3A2D269CA67E0007AFF2 /* UIView+.swift in Sources */,
				CE7247EB2699DE8D00BB2C19 /* SocialManager.swift in Sources */,
				CE724789269992C700BB2C19 /* AppDelegate.swift in Sources */,
				CE7247B0269994F700BB2C19 /* Network.swift in Sources */,
				CEFC3A3B269CC1180007AFF2 /* UILabel+.swift in Sources */,
				CE7247DF2699D7DF00BB2C19 /* BaseViewController.swift in Sources */,
				CE00AA50269A02C4002C674B /* LoginViewController.swift in Sources */,
				CEFC3A23269C92E40007AFF2 /* UICollectionView+.swift in Sources */,
				CEFC3A21269C92E00007AFF2 /* UITableView+.swift in Sources */,
				CEFF0A4C269C8EE200DB8D2D /* UIViewController+.swift in Sources */,
				CEFF0A4A269C8E8A00DB8D2D /* StoryboardName.swift in Sources */,
				CEFC3A27269CA2E20007AFF2 /* Array+.swift in Sources */,
				CEFC3A17269C8F800007AFF2 /* GoalSettingFirstViewModel.swift in Sources */,
				CEFC3A1C269C91AE0007AFF2 /* GoalSettingCollectionViewCell.swift in Sources */,
				CE72478A269992C700BB2C19 /* SceneDelegate.swift in Sources */,
				CEFC3A2B269CA4620007AFF2 /* ObservableType+.swift in Sources */,
				CEFF0A45269C881000DB8D2D /* GoalSettingFirstViewController.swift in Sources */,
				CEFC3A2F269CA74A0007AFF2 /* UIColor+.swift in Sources */,
			);
			runOnlyForDeploymentPostprocessing = 0;
		};
		CE724795269992CC00BB2C19 /* Sources */ = {
			isa = PBXSourcesBuildPhase;
			buildActionMask = 2147483647;
			files = (
				CE7247BC269995C900BB2C19 /* TestModel.swift in Sources */,
				CE00AA51269A02CB002C674B /* LoginViewModel.swift in Sources */,
				CE7247EE2699DE9100BB2C19 /* SocialAccessType.swift in Sources */,
				CE7247B8269995C200BB2C19 /* TestView.swift in Sources */,
				CEFC3A2C269CA67E0007AFF2 /* UIView+.swift in Sources */,
				CE7247EC2699DE8D00BB2C19 /* SocialManager.swift in Sources */,
				CE724797269992CC00BB2C19 /* AppDelegate.swift in Sources */,
				CE7247B1269994F700BB2C19 /* Network.swift in Sources */,
				CEFC3A3A269CC1180007AFF2 /* UILabel+.swift in Sources */,
				CE7247E02699D7DF00BB2C19 /* BaseViewController.swift in Sources */,
				CE00AA4F269A02C4002C674B /* LoginViewController.swift in Sources */,
				CEFC3A22269C92E40007AFF2 /* UICollectionView+.swift in Sources */,
				CEFC3A20269C92E00007AFF2 /* UITableView+.swift in Sources */,
				CEFF0A4B269C8EE200DB8D2D /* UIViewController+.swift in Sources */,
				CEFF0A49269C8E8A00DB8D2D /* StoryboardName.swift in Sources */,
				CEFC3A26269CA2E20007AFF2 /* Array+.swift in Sources */,
				CEFC3A16269C8F800007AFF2 /* GoalSettingFirstViewModel.swift in Sources */,
				CEFC3A1B269C91AE0007AFF2 /* GoalSettingCollectionViewCell.swift in Sources */,
				CE724798269992CC00BB2C19 /* SceneDelegate.swift in Sources */,
				CEFC3A2A269CA4620007AFF2 /* ObservableType+.swift in Sources */,
				CEFF0A44269C881000DB8D2D /* GoalSettingFirstViewController.swift in Sources */,
				CEFC3A2E269CA74A0007AFF2 /* UIColor+.swift in Sources */,
			);
			runOnlyForDeploymentPostprocessing = 0;
		};
/* End PBXSourcesBuildPhase section */

/* Begin PBXTargetDependency section */
		CE72476B26998F3000BB2C19 /* PBXTargetDependency */ = {
			isa = PBXTargetDependency;
			target = CE72475226998F2D00BB2C19 /* ONETHING */;
			targetProxy = CE72476A26998F3000BB2C19 /* PBXContainerItemProxy */;
		};
		CE72477626998F3000BB2C19 /* PBXTargetDependency */ = {
			isa = PBXTargetDependency;
			target = CE72475226998F2D00BB2C19 /* ONETHING */;
			targetProxy = CE72477526998F3000BB2C19 /* PBXContainerItemProxy */;
		};
/* End PBXTargetDependency section */

/* Begin PBXVariantGroup section */
		CE72476126998F3000BB2C19 /* LaunchScreen.storyboard */ = {
			isa = PBXVariantGroup;
			children = (
				CE72476226998F3000BB2C19 /* Base */,
			);
			name = LaunchScreen.storyboard;
			sourceTree = "<group>";
		};
/* End PBXVariantGroup section */

/* Begin XCBuildConfiguration section */
		CE72477B26998F3000BB2C19 /* Debug */ = {
			isa = XCBuildConfiguration;
			buildSettings = {
				ALWAYS_SEARCH_USER_PATHS = NO;
				CLANG_ANALYZER_NONNULL = YES;
				CLANG_ANALYZER_NUMBER_OBJECT_CONVERSION = YES_AGGRESSIVE;
				CLANG_CXX_LANGUAGE_STANDARD = "gnu++14";
				CLANG_CXX_LIBRARY = "libc++";
				CLANG_ENABLE_MODULES = YES;
				CLANG_ENABLE_OBJC_ARC = YES;
				CLANG_ENABLE_OBJC_WEAK = YES;
				CLANG_WARN_BLOCK_CAPTURE_AUTORELEASING = YES;
				CLANG_WARN_BOOL_CONVERSION = YES;
				CLANG_WARN_COMMA = YES;
				CLANG_WARN_CONSTANT_CONVERSION = YES;
				CLANG_WARN_DEPRECATED_OBJC_IMPLEMENTATIONS = YES;
				CLANG_WARN_DIRECT_OBJC_ISA_USAGE = YES_ERROR;
				CLANG_WARN_DOCUMENTATION_COMMENTS = YES;
				CLANG_WARN_EMPTY_BODY = YES;
				CLANG_WARN_ENUM_CONVERSION = YES;
				CLANG_WARN_INFINITE_RECURSION = YES;
				CLANG_WARN_INT_CONVERSION = YES;
				CLANG_WARN_NON_LITERAL_NULL_CONVERSION = YES;
				CLANG_WARN_OBJC_IMPLICIT_RETAIN_SELF = YES;
				CLANG_WARN_OBJC_LITERAL_CONVERSION = YES;
				CLANG_WARN_OBJC_ROOT_CLASS = YES_ERROR;
				CLANG_WARN_QUOTED_INCLUDE_IN_FRAMEWORK_HEADER = YES;
				CLANG_WARN_RANGE_LOOP_ANALYSIS = YES;
				CLANG_WARN_STRICT_PROTOTYPES = YES;
				CLANG_WARN_SUSPICIOUS_MOVE = YES;
				CLANG_WARN_UNGUARDED_AVAILABILITY = YES_AGGRESSIVE;
				CLANG_WARN_UNREACHABLE_CODE = YES;
				CLANG_WARN__DUPLICATE_METHOD_MATCH = YES;
				COPY_PHASE_STRIP = NO;
				DEBUG_INFORMATION_FORMAT = dwarf;
				ENABLE_STRICT_OBJC_MSGSEND = YES;
				ENABLE_TESTABILITY = YES;
				GCC_C_LANGUAGE_STANDARD = gnu11;
				GCC_DYNAMIC_NO_PIC = NO;
				GCC_NO_COMMON_BLOCKS = YES;
				GCC_OPTIMIZATION_LEVEL = 0;
				GCC_PREPROCESSOR_DEFINITIONS = (
					"DEBUG=1",
					"$(inherited)",
				);
				GCC_WARN_64_TO_32_BIT_CONVERSION = YES;
				GCC_WARN_ABOUT_RETURN_TYPE = YES_ERROR;
				GCC_WARN_UNDECLARED_SELECTOR = YES;
				GCC_WARN_UNINITIALIZED_AUTOS = YES_AGGRESSIVE;
				GCC_WARN_UNUSED_FUNCTION = YES;
				GCC_WARN_UNUSED_VARIABLE = YES;
				IPHONEOS_DEPLOYMENT_TARGET = 14.0;
				MTL_ENABLE_DEBUG_INFO = INCLUDE_SOURCE;
				MTL_FAST_MATH = YES;
				ONLY_ACTIVE_ARCH = YES;
				SDKROOT = iphoneos;
				SWIFT_ACTIVE_COMPILATION_CONDITIONS = DEBUG;
				SWIFT_OPTIMIZATION_LEVEL = "-Onone";
			};
			name = Debug;
		};
		CE72477C26998F3000BB2C19 /* Release */ = {
			isa = XCBuildConfiguration;
			buildSettings = {
				ALWAYS_SEARCH_USER_PATHS = NO;
				CLANG_ANALYZER_NONNULL = YES;
				CLANG_ANALYZER_NUMBER_OBJECT_CONVERSION = YES_AGGRESSIVE;
				CLANG_CXX_LANGUAGE_STANDARD = "gnu++14";
				CLANG_CXX_LIBRARY = "libc++";
				CLANG_ENABLE_MODULES = YES;
				CLANG_ENABLE_OBJC_ARC = YES;
				CLANG_ENABLE_OBJC_WEAK = YES;
				CLANG_WARN_BLOCK_CAPTURE_AUTORELEASING = YES;
				CLANG_WARN_BOOL_CONVERSION = YES;
				CLANG_WARN_COMMA = YES;
				CLANG_WARN_CONSTANT_CONVERSION = YES;
				CLANG_WARN_DEPRECATED_OBJC_IMPLEMENTATIONS = YES;
				CLANG_WARN_DIRECT_OBJC_ISA_USAGE = YES_ERROR;
				CLANG_WARN_DOCUMENTATION_COMMENTS = YES;
				CLANG_WARN_EMPTY_BODY = YES;
				CLANG_WARN_ENUM_CONVERSION = YES;
				CLANG_WARN_INFINITE_RECURSION = YES;
				CLANG_WARN_INT_CONVERSION = YES;
				CLANG_WARN_NON_LITERAL_NULL_CONVERSION = YES;
				CLANG_WARN_OBJC_IMPLICIT_RETAIN_SELF = YES;
				CLANG_WARN_OBJC_LITERAL_CONVERSION = YES;
				CLANG_WARN_OBJC_ROOT_CLASS = YES_ERROR;
				CLANG_WARN_QUOTED_INCLUDE_IN_FRAMEWORK_HEADER = YES;
				CLANG_WARN_RANGE_LOOP_ANALYSIS = YES;
				CLANG_WARN_STRICT_PROTOTYPES = YES;
				CLANG_WARN_SUSPICIOUS_MOVE = YES;
				CLANG_WARN_UNGUARDED_AVAILABILITY = YES_AGGRESSIVE;
				CLANG_WARN_UNREACHABLE_CODE = YES;
				CLANG_WARN__DUPLICATE_METHOD_MATCH = YES;
				COPY_PHASE_STRIP = NO;
				DEBUG_INFORMATION_FORMAT = "dwarf-with-dsym";
				ENABLE_NS_ASSERTIONS = NO;
				ENABLE_STRICT_OBJC_MSGSEND = YES;
				GCC_C_LANGUAGE_STANDARD = gnu11;
				GCC_NO_COMMON_BLOCKS = YES;
				GCC_WARN_64_TO_32_BIT_CONVERSION = YES;
				GCC_WARN_ABOUT_RETURN_TYPE = YES_ERROR;
				GCC_WARN_UNDECLARED_SELECTOR = YES;
				GCC_WARN_UNINITIALIZED_AUTOS = YES_AGGRESSIVE;
				GCC_WARN_UNUSED_FUNCTION = YES;
				GCC_WARN_UNUSED_VARIABLE = YES;
				IPHONEOS_DEPLOYMENT_TARGET = 14.0;
				MTL_ENABLE_DEBUG_INFO = NO;
				MTL_FAST_MATH = YES;
				SDKROOT = iphoneos;
				SWIFT_COMPILATION_MODE = wholemodule;
				SWIFT_OPTIMIZATION_LEVEL = "-O";
				VALIDATE_PRODUCT = YES;
			};
			name = Release;
		};
		CE72477E26998F3000BB2C19 /* Debug */ = {
			isa = XCBuildConfiguration;
			baseConfigurationReference = 5FEA331C4947A5864B7FF8BA /* Pods-ONETHING_iOS-ONETHING.debug.xcconfig */;
			buildSettings = {
				ASSETCATALOG_COMPILER_APPICON_NAME = AppIcon;
				ASSETCATALOG_COMPILER_GLOBAL_ACCENT_COLOR_NAME = AccentColor;
				CODE_SIGN_ENTITLEMENTS = ONETHING_iOS/ONETHING_iOS.entitlements;
				CODE_SIGN_IDENTITY = "iPhone Distribution";
				CODE_SIGN_STYLE = Manual;
				DEVELOPMENT_TEAM = AKW8XUH283;
				INFOPLIST_FILE = "ONETHING_iOS/Resource/AppStore-Info.plist";
				LD_RUNPATH_SEARCH_PATHS = (
					"$(inherited)",
					"@executable_path/Frameworks",
				);
				PRODUCT_BUNDLE_IDENTIFIER = com.nexters.onething;
				PRODUCT_NAME = "$(TARGET_NAME)";
				PROVISIONING_PROFILE_SPECIFIER = "ONETHING MAIN";
				SWIFT_VERSION = 5.0;
				TARGETED_DEVICE_FAMILY = "1,2";
			};
			name = Debug;
		};
		CE72477F26998F3000BB2C19 /* Release */ = {
			isa = XCBuildConfiguration;
			baseConfigurationReference = 19924C59B6E101C4F369A62A /* Pods-ONETHING_iOS-ONETHING.release.xcconfig */;
			buildSettings = {
				ASSETCATALOG_COMPILER_APPICON_NAME = AppIcon;
				ASSETCATALOG_COMPILER_GLOBAL_ACCENT_COLOR_NAME = AccentColor;
				CODE_SIGN_ENTITLEMENTS = ONETHING_iOS/ONETHING_iOS.entitlements;
				CODE_SIGN_IDENTITY = "iPhone Distribution";
				CODE_SIGN_STYLE = Manual;
				DEVELOPMENT_TEAM = AKW8XUH283;
				INFOPLIST_FILE = "ONETHING_iOS/Resource/AppStore-Info.plist";
				LD_RUNPATH_SEARCH_PATHS = (
					"$(inherited)",
					"@executable_path/Frameworks",
				);
				PRODUCT_BUNDLE_IDENTIFIER = com.nexters.onething;
				PRODUCT_NAME = "$(TARGET_NAME)";
				PROVISIONING_PROFILE_SPECIFIER = "ONETHING MAIN";
				SWIFT_VERSION = 5.0;
				TARGETED_DEVICE_FAMILY = "1,2";
			};
			name = Release;
		};
		CE72478126998F3000BB2C19 /* Debug */ = {
			isa = XCBuildConfiguration;
			baseConfigurationReference = CD411B6E901816A3A185AB96 /* Pods-ONETHING_iOS-ONETHING_iOSTests.debug.xcconfig */;
			buildSettings = {
				ALWAYS_EMBED_SWIFT_STANDARD_LIBRARIES = YES;
				BUNDLE_LOADER = "$(TEST_HOST)";
				CODE_SIGN_STYLE = Automatic;
				DEVELOPMENT_TEAM = W4P5NU5GJ2;
				INFOPLIST_FILE = ONETHING_iOSTests/Info.plist;
				IPHONEOS_DEPLOYMENT_TARGET = 14.5;
				LD_RUNPATH_SEARCH_PATHS = (
					"$(inherited)",
					"@executable_path/Frameworks",
					"@loader_path/Frameworks",
				);
				PRODUCT_BUNDLE_IDENTIFIER = "com.nexters.ONETHING-iOSTests";
				PRODUCT_NAME = "$(TARGET_NAME)";
				SWIFT_VERSION = 5.0;
				TARGETED_DEVICE_FAMILY = "1,2";
				TEST_HOST = "$(BUILT_PRODUCTS_DIR)/ONETHING_iOS.app/ONETHING_iOS";
			};
			name = Debug;
		};
		CE72478226998F3000BB2C19 /* Release */ = {
			isa = XCBuildConfiguration;
			baseConfigurationReference = AC1D998A5A571190CD6E8A46 /* Pods-ONETHING_iOS-ONETHING_iOSTests.release.xcconfig */;
			buildSettings = {
				ALWAYS_EMBED_SWIFT_STANDARD_LIBRARIES = YES;
				BUNDLE_LOADER = "$(TEST_HOST)";
				CODE_SIGN_STYLE = Automatic;
				DEVELOPMENT_TEAM = W4P5NU5GJ2;
				INFOPLIST_FILE = ONETHING_iOSTests/Info.plist;
				IPHONEOS_DEPLOYMENT_TARGET = 14.5;
				LD_RUNPATH_SEARCH_PATHS = (
					"$(inherited)",
					"@executable_path/Frameworks",
					"@loader_path/Frameworks",
				);
				PRODUCT_BUNDLE_IDENTIFIER = "com.nexters.ONETHING-iOSTests";
				PRODUCT_NAME = "$(TARGET_NAME)";
				SWIFT_VERSION = 5.0;
				TARGETED_DEVICE_FAMILY = "1,2";
				TEST_HOST = "$(BUILT_PRODUCTS_DIR)/ONETHING_iOS.app/ONETHING_iOS";
			};
			name = Release;
		};
		CE72478426998F3000BB2C19 /* Debug */ = {
			isa = XCBuildConfiguration;
			baseConfigurationReference = 52E4C7EAD6A387A33B5A85E5 /* Pods-ONETHING_iOS-ONETHING_iOSUITests.debug.xcconfig */;
			buildSettings = {
				ALWAYS_EMBED_SWIFT_STANDARD_LIBRARIES = YES;
				CODE_SIGN_STYLE = Automatic;
				DEVELOPMENT_TEAM = W4P5NU5GJ2;
				INFOPLIST_FILE = ONETHING_iOSUITests/Info.plist;
				LD_RUNPATH_SEARCH_PATHS = (
					"$(inherited)",
					"@executable_path/Frameworks",
					"@loader_path/Frameworks",
				);
				PRODUCT_BUNDLE_IDENTIFIER = "com.nexters.ONETHING-iOSUITests";
				PRODUCT_NAME = "$(TARGET_NAME)";
				SWIFT_VERSION = 5.0;
				TARGETED_DEVICE_FAMILY = "1,2";
				TEST_TARGET_NAME = ONETHING_iOS;
			};
			name = Debug;
		};
		CE72478526998F3000BB2C19 /* Release */ = {
			isa = XCBuildConfiguration;
			baseConfigurationReference = 678D446F663444FA618CD19E /* Pods-ONETHING_iOS-ONETHING_iOSUITests.release.xcconfig */;
			buildSettings = {
				ALWAYS_EMBED_SWIFT_STANDARD_LIBRARIES = YES;
				CODE_SIGN_STYLE = Automatic;
				DEVELOPMENT_TEAM = W4P5NU5GJ2;
				INFOPLIST_FILE = ONETHING_iOSUITests/Info.plist;
				LD_RUNPATH_SEARCH_PATHS = (
					"$(inherited)",
					"@executable_path/Frameworks",
					"@loader_path/Frameworks",
				);
				PRODUCT_BUNDLE_IDENTIFIER = "com.nexters.ONETHING-iOSUITests";
				PRODUCT_NAME = "$(TARGET_NAME)";
				SWIFT_VERSION = 5.0;
				TARGETED_DEVICE_FAMILY = "1,2";
				TEST_TARGET_NAME = ONETHING_iOS;
			};
			name = Release;
		};
		CE724790269992C700BB2C19 /* Debug */ = {
			isa = XCBuildConfiguration;
			baseConfigurationReference = 7B1F98BEF037142C5CE00504 /* Pods-ONETHING_iOS-ONETHING Beta.debug.xcconfig */;
			buildSettings = {
				ASSETCATALOG_COMPILER_APPICON_NAME = AppIcon;
				ASSETCATALOG_COMPILER_GLOBAL_ACCENT_COLOR_NAME = AccentColor;
				CODE_SIGN_ENTITLEMENTS = "ONETHING_iOS/ONETHING_iOS Beta.entitlements";
				CODE_SIGN_STYLE = Automatic;
				DEVELOPMENT_TEAM = AKW8XUH283;
				INFOPLIST_FILE = "ONETHING_iOS/Resource/Beta-Info.plist";
				LD_RUNPATH_SEARCH_PATHS = (
					"$(inherited)",
					"@executable_path/Frameworks",
				);
				PRODUCT_BUNDLE_IDENTIFIER = com.nexters.beta.onething;
				PRODUCT_NAME = "$(TARGET_NAME)";
				SWIFT_VERSION = 5.0;
				TARGETED_DEVICE_FAMILY = "1,2";
			};
			name = Debug;
		};
		CE724791269992C700BB2C19 /* Release */ = {
			isa = XCBuildConfiguration;
			baseConfigurationReference = 0E9A753FE7F7FA536497D55F /* Pods-ONETHING_iOS-ONETHING Beta.release.xcconfig */;
			buildSettings = {
				ASSETCATALOG_COMPILER_APPICON_NAME = AppIcon;
				ASSETCATALOG_COMPILER_GLOBAL_ACCENT_COLOR_NAME = AccentColor;
				CODE_SIGN_ENTITLEMENTS = "ONETHING_iOS/ONETHING_iOS Beta.entitlements";
				CODE_SIGN_STYLE = Automatic;
				DEVELOPMENT_TEAM = AKW8XUH283;
				INFOPLIST_FILE = "ONETHING_iOS/Resource/Beta-Info.plist";
				LD_RUNPATH_SEARCH_PATHS = (
					"$(inherited)",
					"@executable_path/Frameworks",
				);
				PRODUCT_BUNDLE_IDENTIFIER = com.nexters.beta.onething;
				PRODUCT_NAME = "$(TARGET_NAME)";
				SWIFT_VERSION = 5.0;
				TARGETED_DEVICE_FAMILY = "1,2";
			};
			name = Release;
		};
		CE72479E269992CC00BB2C19 /* Debug */ = {
			isa = XCBuildConfiguration;
			baseConfigurationReference = 65AADB33EE0B42B5E5DFDCA1 /* Pods-ONETHING_iOS-ONETHING Ent.debug.xcconfig */;
			buildSettings = {
				ASSETCATALOG_COMPILER_APPICON_NAME = AppIcon;
				ASSETCATALOG_COMPILER_GLOBAL_ACCENT_COLOR_NAME = AccentColor;
				CODE_SIGN_ENTITLEMENTS = "ONETHING_iOS/ONETHING_iOS Ent.entitlements";
				CODE_SIGN_STYLE = Manual;
				DEVELOPMENT_TEAM = "";
				INFOPLIST_FILE = "ONETHING_iOS/Resource/Ent-Info.plist";
				LD_RUNPATH_SEARCH_PATHS = (
					"$(inherited)",
					"@executable_path/Frameworks",
				);
				PRODUCT_BUNDLE_IDENTIFIER = com.nexters.ent.onething;
				PRODUCT_NAME = "$(TARGET_NAME)";
				PROVISIONING_PROFILE_SPECIFIER = "";
				SWIFT_VERSION = 5.0;
				TARGETED_DEVICE_FAMILY = "1,2";
			};
			name = Debug;
		};
		CE72479F269992CC00BB2C19 /* Release */ = {
			isa = XCBuildConfiguration;
			baseConfigurationReference = 123E3AD140989968399A8265 /* Pods-ONETHING_iOS-ONETHING Ent.release.xcconfig */;
			buildSettings = {
				ASSETCATALOG_COMPILER_APPICON_NAME = AppIcon;
				ASSETCATALOG_COMPILER_GLOBAL_ACCENT_COLOR_NAME = AccentColor;
				CODE_SIGN_ENTITLEMENTS = "ONETHING_iOS/ONETHING_iOS Ent.entitlements";
				CODE_SIGN_STYLE = Manual;
				DEVELOPMENT_TEAM = "";
				INFOPLIST_FILE = "ONETHING_iOS/Resource/Ent-Info.plist";
				LD_RUNPATH_SEARCH_PATHS = (
					"$(inherited)",
					"@executable_path/Frameworks",
				);
				PRODUCT_BUNDLE_IDENTIFIER = com.nexters.ent.onething;
				PRODUCT_NAME = "$(TARGET_NAME)";
				PROVISIONING_PROFILE_SPECIFIER = "";
				SWIFT_VERSION = 5.0;
				TARGETED_DEVICE_FAMILY = "1,2";
			};
			name = Release;
		};
/* End XCBuildConfiguration section */

/* Begin XCConfigurationList section */
		CE72474E26998F2D00BB2C19 /* Build configuration list for PBXProject "ONETHING_iOS" */ = {
			isa = XCConfigurationList;
			buildConfigurations = (
				CE72477B26998F3000BB2C19 /* Debug */,
				CE72477C26998F3000BB2C19 /* Release */,
			);
			defaultConfigurationIsVisible = 0;
			defaultConfigurationName = Release;
		};
		CE72477D26998F3000BB2C19 /* Build configuration list for PBXNativeTarget "ONETHING" */ = {
			isa = XCConfigurationList;
			buildConfigurations = (
				CE72477E26998F3000BB2C19 /* Debug */,
				CE72477F26998F3000BB2C19 /* Release */,
			);
			defaultConfigurationIsVisible = 0;
			defaultConfigurationName = Release;
		};
		CE72478026998F3000BB2C19 /* Build configuration list for PBXNativeTarget "ONETHING_iOSTests" */ = {
			isa = XCConfigurationList;
			buildConfigurations = (
				CE72478126998F3000BB2C19 /* Debug */,
				CE72478226998F3000BB2C19 /* Release */,
			);
			defaultConfigurationIsVisible = 0;
			defaultConfigurationName = Release;
		};
		CE72478326998F3000BB2C19 /* Build configuration list for PBXNativeTarget "ONETHING_iOSUITests" */ = {
			isa = XCConfigurationList;
			buildConfigurations = (
				CE72478426998F3000BB2C19 /* Debug */,
				CE72478526998F3000BB2C19 /* Release */,
			);
			defaultConfigurationIsVisible = 0;
			defaultConfigurationName = Release;
		};
		CE72478F269992C700BB2C19 /* Build configuration list for PBXNativeTarget "ONETHING Beta" */ = {
			isa = XCConfigurationList;
			buildConfigurations = (
				CE724790269992C700BB2C19 /* Debug */,
				CE724791269992C700BB2C19 /* Release */,
			);
			defaultConfigurationIsVisible = 0;
			defaultConfigurationName = Release;
		};
		CE72479D269992CC00BB2C19 /* Build configuration list for PBXNativeTarget "ONETHING Ent" */ = {
			isa = XCConfigurationList;
			buildConfigurations = (
				CE72479E269992CC00BB2C19 /* Debug */,
				CE72479F269992CC00BB2C19 /* Release */,
			);
			defaultConfigurationIsVisible = 0;
			defaultConfigurationName = Release;
		};
/* End XCConfigurationList section */
	};
	rootObject = CE72474B26998F2D00BB2C19 /* Project object */;
}
